// !$*UTF8*$!
{
	archiveVersion = 1;
	classes = {
	};
	objectVersion = 47;
	objects = {

/* Begin PBXBuildFile section */
		3F0617AF1C4E3C4700A3DE0B /* SwiftMark.swift in Sources */ = {isa = PBXBuildFile; fileRef = 3F4B51AF1C11D9D80012DB9A /* SwiftMark.swift */; };
		3F0617B01C4E3C5500A3DE0B /* SwiftMarkOption.swift in Sources */ = {isa = PBXBuildFile; fileRef = 3F2059A01C258BE8004B84E9 /* SwiftMarkOption.swift */; };
		3F0617B21C4E3C5500A3DE0B /* SwiftMarkError.swift in Sources */ = {isa = PBXBuildFile; fileRef = 3F3678AA1C46379000E9ACB5 /* SwiftMarkError.swift */; };
		3F0617B31C4E3C5B00A3DE0B /* SwiftMarkConvertToHTMLOperation.swift in Sources */ = {isa = PBXBuildFile; fileRef = 3FE4F2BB1C26C18100AC2FA5 /* SwiftMarkConvertToHTMLOperation.swift */; };
		3F0617B41C4E3C5B00A3DE0B /* SwiftMarkConvertToXMLOperation.swift in Sources */ = {isa = PBXBuildFile; fileRef = 3F16F4901C28B24A00BC9171 /* SwiftMarkConvertToXMLOperation.swift */; };
		3F0617B51C4E3C5B00A3DE0B /* SwiftMarkOperation.swift in Sources */ = {isa = PBXBuildFile; fileRef = 3F3678A81C462D2C00E9ACB5 /* SwiftMarkOperation.swift */; };
		3F0617B71C4E3C6C00A3DE0B /* cmark_export.h in Headers */ = {isa = PBXBuildFile; fileRef = 3FE4F2B51C26A64500AC2FA5 /* cmark_export.h */; };
		3F0617B81C4E3C6C00A3DE0B /* cmark_version.h in Headers */ = {isa = PBXBuildFile; fileRef = 3FE4F2B61C26A64500AC2FA5 /* cmark_version.h */; };
		3F0617B91C4E3C6C00A3DE0B /* config.h in Headers */ = {isa = PBXBuildFile; fileRef = 3FE4F2B71C26A64500AC2FA5 /* config.h */; };
		3F0617BA1C4E3C6C00A3DE0B /* bench.h in Headers */ = {isa = PBXBuildFile; fileRef = 3FE4F2631C26A62200AC2FA5 /* bench.h */; };
		3F0617BB1C4E3C6C00A3DE0B /* buffer.h in Headers */ = {isa = PBXBuildFile; fileRef = 3FE4F2641C26A62200AC2FA5 /* buffer.h */; };
		3F0617BC1C4E3C6C00A3DE0B /* chunk.h in Headers */ = {isa = PBXBuildFile; fileRef = 3FE4F2651C26A62200AC2FA5 /* chunk.h */; };
		3F0617BD1C4E3C6C00A3DE0B /* cmark_ctype.h in Headers */ = {isa = PBXBuildFile; fileRef = 3FE4F2661C26A62200AC2FA5 /* cmark_ctype.h */; };
		3F0617BE1C4E3C6C00A3DE0B /* cmark.h in Headers */ = {isa = PBXBuildFile; fileRef = 3FE4F2671C26A62200AC2FA5 /* cmark.h */; };
		3F0617BF1C4E3C6C00A3DE0B /* houdini.h in Headers */ = {isa = PBXBuildFile; fileRef = 3FE4F2681C26A62200AC2FA5 /* houdini.h */; };
		3F0617C01C4E3C6C00A3DE0B /* inlines.h in Headers */ = {isa = PBXBuildFile; fileRef = 3FE4F2691C26A62200AC2FA5 /* inlines.h */; };
		3F0617C11C4E3C6C00A3DE0B /* iterator.h in Headers */ = {isa = PBXBuildFile; fileRef = 3FE4F26A1C26A62200AC2FA5 /* iterator.h */; };
		3F0617C21C4E3C6C00A3DE0B /* node.h in Headers */ = {isa = PBXBuildFile; fileRef = 3FE4F26B1C26A62200AC2FA5 /* node.h */; };
		3F0617C31C4E3C6C00A3DE0B /* parser.h in Headers */ = {isa = PBXBuildFile; fileRef = 3FE4F26C1C26A62200AC2FA5 /* parser.h */; };
		3F0617C41C4E3C6C00A3DE0B /* references.h in Headers */ = {isa = PBXBuildFile; fileRef = 3FE4F26D1C26A62200AC2FA5 /* references.h */; };
		3F0617C51C4E3C6C00A3DE0B /* render.h in Headers */ = {isa = PBXBuildFile; fileRef = 3FE4F26E1C26A62200AC2FA5 /* render.h */; };
		3F0617C61C4E3C6C00A3DE0B /* scanners.h in Headers */ = {isa = PBXBuildFile; fileRef = 3FE4F26F1C26A62200AC2FA5 /* scanners.h */; };
		3F0617C71C4E3C6C00A3DE0B /* utf8.h in Headers */ = {isa = PBXBuildFile; fileRef = 3FE4F2701C26A62200AC2FA5 /* utf8.h */; };
		3F0617C81C4E3C7100A3DE0B /* blocks.c in Sources */ = {isa = PBXBuildFile; fileRef = 3FE4F2711C26A62200AC2FA5 /* blocks.c */; };
		3F0617C91C4E3C7100A3DE0B /* buffer.c in Sources */ = {isa = PBXBuildFile; fileRef = 3FE4F2721C26A62200AC2FA5 /* buffer.c */; };
		3F0617CA1C4E3C7100A3DE0B /* cmark_ctype.c in Sources */ = {isa = PBXBuildFile; fileRef = 3FE4F2731C26A62200AC2FA5 /* cmark_ctype.c */; };
		3F0617CB1C4E3C7100A3DE0B /* cmark.c in Sources */ = {isa = PBXBuildFile; fileRef = 3FE4F2741C26A62200AC2FA5 /* cmark.c */; };
		3F0617CC1C4E3C7100A3DE0B /* commonmark.c in Sources */ = {isa = PBXBuildFile; fileRef = 3FE4F2751C26A62200AC2FA5 /* commonmark.c */; };
		3F0617CD1C4E3C7100A3DE0B /* houdini_href_e.c in Sources */ = {isa = PBXBuildFile; fileRef = 3FE4F2761C26A62200AC2FA5 /* houdini_href_e.c */; };
		3F0617CE1C4E3C7100A3DE0B /* houdini_html_e.c in Sources */ = {isa = PBXBuildFile; fileRef = 3FE4F2771C26A62200AC2FA5 /* houdini_html_e.c */; };
		3F0617CF1C4E3C7100A3DE0B /* houdini_html_u.c in Sources */ = {isa = PBXBuildFile; fileRef = 3FE4F2781C26A62200AC2FA5 /* houdini_html_u.c */; };
		3F0617D01C4E3C7100A3DE0B /* html.c in Sources */ = {isa = PBXBuildFile; fileRef = 3FE4F2791C26A62200AC2FA5 /* html.c */; };
		3F0617D11C4E3C7100A3DE0B /* inlines.c in Sources */ = {isa = PBXBuildFile; fileRef = 3FE4F27A1C26A62200AC2FA5 /* inlines.c */; };
		3F0617D21C4E3C7100A3DE0B /* iterator.c in Sources */ = {isa = PBXBuildFile; fileRef = 3FE4F27B1C26A62200AC2FA5 /* iterator.c */; };
		3F0617D31C4E3C7100A3DE0B /* latex.c in Sources */ = {isa = PBXBuildFile; fileRef = 3FE4F27C1C26A62200AC2FA5 /* latex.c */; };
		3F0617D41C4E3C7100A3DE0B /* main.c in Sources */ = {isa = PBXBuildFile; fileRef = 3FE4F27D1C26A62200AC2FA5 /* main.c */; };
		3F0617D51C4E3C7100A3DE0B /* man.c in Sources */ = {isa = PBXBuildFile; fileRef = 3FE4F27E1C26A62200AC2FA5 /* man.c */; };
		3F0617D61C4E3C7100A3DE0B /* node.c in Sources */ = {isa = PBXBuildFile; fileRef = 3FE4F27F1C26A62200AC2FA5 /* node.c */; };
		3F0617D71C4E3C7100A3DE0B /* references.c in Sources */ = {isa = PBXBuildFile; fileRef = 3FE4F2801C26A62200AC2FA5 /* references.c */; };
		3F0617D81C4E3C7100A3DE0B /* render.c in Sources */ = {isa = PBXBuildFile; fileRef = 3FE4F2811C26A62200AC2FA5 /* render.c */; };
		3F0617D91C4E3C7100A3DE0B /* scanners.c in Sources */ = {isa = PBXBuildFile; fileRef = 3FE4F2821C26A62200AC2FA5 /* scanners.c */; };
		3F0617DA1C4E3C7100A3DE0B /* utf8.c in Sources */ = {isa = PBXBuildFile; fileRef = 3FE4F2831C26A62200AC2FA5 /* utf8.c */; };
		3F0617DB1C4E3C7100A3DE0B /* xml.c in Sources */ = {isa = PBXBuildFile; fileRef = 3FE4F2841C26A62200AC2FA5 /* xml.c */; };
		3F0617E31C4E3D7100A3DE0B /* AppDelegate.swift in Sources */ = {isa = PBXBuildFile; fileRef = 3F0617E21C4E3D7100A3DE0B /* AppDelegate.swift */; };
		3F0617E51C4E3D7100A3DE0B /* ViewController.swift in Sources */ = {isa = PBXBuildFile; fileRef = 3F0617E41C4E3D7100A3DE0B /* ViewController.swift */; };
		3F0617E81C4E3D7100A3DE0B /* Main.storyboard in Resources */ = {isa = PBXBuildFile; fileRef = 3F0617E61C4E3D7100A3DE0B /* Main.storyboard */; };
		3F0617EA1C4E3D7100A3DE0B /* Assets.xcassets in Resources */ = {isa = PBXBuildFile; fileRef = 3F0617E91C4E3D7100A3DE0B /* Assets.xcassets */; };
		3F0617ED1C4E3D7100A3DE0B /* LaunchScreen.storyboard in Resources */ = {isa = PBXBuildFile; fileRef = 3F0617EB1C4E3D7100A3DE0B /* LaunchScreen.storyboard */; };
		3F0E44581C4964F600E0405E /* SwiftMarkIOS.h in Headers */ = {isa = PBXBuildFile; fileRef = 3F0E44571C4964F600E0405E /* SwiftMarkIOS.h */; settings = {ATTRIBUTES = (Public, ); }; };
		3F16F4911C28B24A00BC9171 /* SwiftMarkConvertToXMLOperation.swift in Sources */ = {isa = PBXBuildFile; fileRef = 3F16F4901C28B24A00BC9171 /* SwiftMarkConvertToXMLOperation.swift */; };
		3F1CF9771C52659C00797CA9 /* SwiftMark.framework in Frameworks */ = {isa = PBXBuildFile; fileRef = 3F4B512E1C11C5130012DB9A /* SwiftMark.framework */; };
		3F1CF9781C52659C00797CA9 /* SwiftMark.framework in Embed Frameworks */ = {isa = PBXBuildFile; fileRef = 3F4B512E1C11C5130012DB9A /* SwiftMark.framework */; settings = {ATTRIBUTES = (CodeSignOnCopy, RemoveHeadersOnCopy, ); }; };
		3F2059A11C258BE8004B84E9 /* SwiftMarkOption.swift in Sources */ = {isa = PBXBuildFile; fileRef = 3F2059A01C258BE8004B84E9 /* SwiftMarkOption.swift */; };
		3F3678A91C462D2C00E9ACB5 /* SwiftMarkOperation.swift in Sources */ = {isa = PBXBuildFile; fileRef = 3F3678A81C462D2C00E9ACB5 /* SwiftMarkOperation.swift */; };
		3F3678AB1C46379000E9ACB5 /* SwiftMarkError.swift in Sources */ = {isa = PBXBuildFile; fileRef = 3F3678AA1C46379000E9ACB5 /* SwiftMarkError.swift */; };
		3F4B51321C11C5130012DB9A /* SwiftMark.h in Headers */ = {isa = PBXBuildFile; fileRef = 3F4B51311C11C5130012DB9A /* SwiftMark.h */; settings = {ATTRIBUTES = (Public, ); }; };
		3F4B51391C11C5130012DB9A /* SwiftMark.framework in Frameworks */ = {isa = PBXBuildFile; fileRef = 3F4B512E1C11C5130012DB9A /* SwiftMark.framework */; };
		3F4B513E1C11C5130012DB9A /* SwiftMarkTests.swift in Sources */ = {isa = PBXBuildFile; fileRef = 3F4B513D1C11C5130012DB9A /* SwiftMarkTests.swift */; };
		3F4B51B01C11D9D80012DB9A /* SwiftMark.swift in Sources */ = {isa = PBXBuildFile; fileRef = 3F4B51AF1C11D9D80012DB9A /* SwiftMark.swift */; };
		3F5D16FC1C52CACA003C4273 /* SwiftMark.framework in Frameworks */ = {isa = PBXBuildFile; fileRef = 3F0E44551C4964F600E0405E /* SwiftMark.framework */; };
		3F5D16FD1C52CACA003C4273 /* SwiftMark.framework in Embed Frameworks */ = {isa = PBXBuildFile; fileRef = 3F0E44551C4964F600E0405E /* SwiftMark.framework */; settings = {ATTRIBUTES = (CodeSignOnCopy, RemoveHeadersOnCopy, ); }; };
		3F6178131C48C92F007FA2A0 /* NSAttributedStringExtension.swift in Sources */ = {isa = PBXBuildFile; fileRef = 3F6178121C48C92F007FA2A0 /* NSAttributedStringExtension.swift */; };
		3F61781C1C4929F2007FA2A0 /* AppDelegate.swift in Sources */ = {isa = PBXBuildFile; fileRef = 3F61781B1C4929F2007FA2A0 /* AppDelegate.swift */; };
		3F61781E1C4929F2007FA2A0 /* ViewController.swift in Sources */ = {isa = PBXBuildFile; fileRef = 3F61781D1C4929F2007FA2A0 /* ViewController.swift */; };
		3F6178201C4929F2007FA2A0 /* Assets.xcassets in Resources */ = {isa = PBXBuildFile; fileRef = 3F61781F1C4929F2007FA2A0 /* Assets.xcassets */; };
		3F6178231C4929F2007FA2A0 /* Main.storyboard in Resources */ = {isa = PBXBuildFile; fileRef = 3F6178211C4929F2007FA2A0 /* Main.storyboard */; };
		3F6178291C492ED0007FA2A0 /* WindowController.swift in Sources */ = {isa = PBXBuildFile; fileRef = 3F6178281C492ED0007FA2A0 /* WindowController.swift */; };
		3FE4F28C1C26A62200AC2FA5 /* bench.h in Headers */ = {isa = PBXBuildFile; fileRef = 3FE4F2631C26A62200AC2FA5 /* bench.h */; };
		3FE4F28D1C26A62200AC2FA5 /* buffer.h in Headers */ = {isa = PBXBuildFile; fileRef = 3FE4F2641C26A62200AC2FA5 /* buffer.h */; };
		3FE4F28E1C26A62200AC2FA5 /* chunk.h in Headers */ = {isa = PBXBuildFile; fileRef = 3FE4F2651C26A62200AC2FA5 /* chunk.h */; };
		3FE4F28F1C26A62200AC2FA5 /* cmark_ctype.h in Headers */ = {isa = PBXBuildFile; fileRef = 3FE4F2661C26A62200AC2FA5 /* cmark_ctype.h */; };
		3FE4F2901C26A62200AC2FA5 /* cmark.h in Headers */ = {isa = PBXBuildFile; fileRef = 3FE4F2671C26A62200AC2FA5 /* cmark.h */; };
		3FE4F2911C26A62200AC2FA5 /* houdini.h in Headers */ = {isa = PBXBuildFile; fileRef = 3FE4F2681C26A62200AC2FA5 /* houdini.h */; };
		3FE4F2921C26A62200AC2FA5 /* inlines.h in Headers */ = {isa = PBXBuildFile; fileRef = 3FE4F2691C26A62200AC2FA5 /* inlines.h */; };
		3FE4F2931C26A62200AC2FA5 /* iterator.h in Headers */ = {isa = PBXBuildFile; fileRef = 3FE4F26A1C26A62200AC2FA5 /* iterator.h */; };
		3FE4F2941C26A62200AC2FA5 /* node.h in Headers */ = {isa = PBXBuildFile; fileRef = 3FE4F26B1C26A62200AC2FA5 /* node.h */; };
		3FE4F2951C26A62200AC2FA5 /* parser.h in Headers */ = {isa = PBXBuildFile; fileRef = 3FE4F26C1C26A62200AC2FA5 /* parser.h */; };
		3FE4F2961C26A62200AC2FA5 /* references.h in Headers */ = {isa = PBXBuildFile; fileRef = 3FE4F26D1C26A62200AC2FA5 /* references.h */; };
		3FE4F2971C26A62200AC2FA5 /* render.h in Headers */ = {isa = PBXBuildFile; fileRef = 3FE4F26E1C26A62200AC2FA5 /* render.h */; };
		3FE4F2981C26A62200AC2FA5 /* scanners.h in Headers */ = {isa = PBXBuildFile; fileRef = 3FE4F26F1C26A62200AC2FA5 /* scanners.h */; };
		3FE4F2991C26A62200AC2FA5 /* utf8.h in Headers */ = {isa = PBXBuildFile; fileRef = 3FE4F2701C26A62200AC2FA5 /* utf8.h */; };
		3FE4F29A1C26A62200AC2FA5 /* blocks.c in Sources */ = {isa = PBXBuildFile; fileRef = 3FE4F2711C26A62200AC2FA5 /* blocks.c */; };
		3FE4F29B1C26A62200AC2FA5 /* buffer.c in Sources */ = {isa = PBXBuildFile; fileRef = 3FE4F2721C26A62200AC2FA5 /* buffer.c */; };
		3FE4F29C1C26A62200AC2FA5 /* cmark_ctype.c in Sources */ = {isa = PBXBuildFile; fileRef = 3FE4F2731C26A62200AC2FA5 /* cmark_ctype.c */; };
		3FE4F29D1C26A62200AC2FA5 /* cmark.c in Sources */ = {isa = PBXBuildFile; fileRef = 3FE4F2741C26A62200AC2FA5 /* cmark.c */; };
		3FE4F29E1C26A62200AC2FA5 /* commonmark.c in Sources */ = {isa = PBXBuildFile; fileRef = 3FE4F2751C26A62200AC2FA5 /* commonmark.c */; };
		3FE4F29F1C26A62200AC2FA5 /* houdini_href_e.c in Sources */ = {isa = PBXBuildFile; fileRef = 3FE4F2761C26A62200AC2FA5 /* houdini_href_e.c */; };
		3FE4F2A01C26A62200AC2FA5 /* houdini_html_e.c in Sources */ = {isa = PBXBuildFile; fileRef = 3FE4F2771C26A62200AC2FA5 /* houdini_html_e.c */; };
		3FE4F2A11C26A62200AC2FA5 /* houdini_html_u.c in Sources */ = {isa = PBXBuildFile; fileRef = 3FE4F2781C26A62200AC2FA5 /* houdini_html_u.c */; };
		3FE4F2A21C26A62200AC2FA5 /* html.c in Sources */ = {isa = PBXBuildFile; fileRef = 3FE4F2791C26A62200AC2FA5 /* html.c */; };
		3FE4F2A31C26A62200AC2FA5 /* inlines.c in Sources */ = {isa = PBXBuildFile; fileRef = 3FE4F27A1C26A62200AC2FA5 /* inlines.c */; };
		3FE4F2A41C26A62200AC2FA5 /* iterator.c in Sources */ = {isa = PBXBuildFile; fileRef = 3FE4F27B1C26A62200AC2FA5 /* iterator.c */; };
		3FE4F2A51C26A62200AC2FA5 /* latex.c in Sources */ = {isa = PBXBuildFile; fileRef = 3FE4F27C1C26A62200AC2FA5 /* latex.c */; };
		3FE4F2A61C26A62200AC2FA5 /* main.c in Sources */ = {isa = PBXBuildFile; fileRef = 3FE4F27D1C26A62200AC2FA5 /* main.c */; };
		3FE4F2A71C26A62200AC2FA5 /* man.c in Sources */ = {isa = PBXBuildFile; fileRef = 3FE4F27E1C26A62200AC2FA5 /* man.c */; };
		3FE4F2A81C26A62200AC2FA5 /* node.c in Sources */ = {isa = PBXBuildFile; fileRef = 3FE4F27F1C26A62200AC2FA5 /* node.c */; };
		3FE4F2A91C26A62200AC2FA5 /* references.c in Sources */ = {isa = PBXBuildFile; fileRef = 3FE4F2801C26A62200AC2FA5 /* references.c */; };
		3FE4F2AA1C26A62200AC2FA5 /* render.c in Sources */ = {isa = PBXBuildFile; fileRef = 3FE4F2811C26A62200AC2FA5 /* render.c */; };
		3FE4F2AB1C26A62200AC2FA5 /* scanners.c in Sources */ = {isa = PBXBuildFile; fileRef = 3FE4F2821C26A62200AC2FA5 /* scanners.c */; };
		3FE4F2AC1C26A62200AC2FA5 /* utf8.c in Sources */ = {isa = PBXBuildFile; fileRef = 3FE4F2831C26A62200AC2FA5 /* utf8.c */; };
		3FE4F2AD1C26A62200AC2FA5 /* xml.c in Sources */ = {isa = PBXBuildFile; fileRef = 3FE4F2841C26A62200AC2FA5 /* xml.c */; };
		3FE4F2B81C26A64500AC2FA5 /* cmark_export.h in Headers */ = {isa = PBXBuildFile; fileRef = 3FE4F2B51C26A64500AC2FA5 /* cmark_export.h */; };
		3FE4F2B91C26A64500AC2FA5 /* cmark_version.h in Headers */ = {isa = PBXBuildFile; fileRef = 3FE4F2B61C26A64500AC2FA5 /* cmark_version.h */; };
		3FE4F2BA1C26A64500AC2FA5 /* config.h in Headers */ = {isa = PBXBuildFile; fileRef = 3FE4F2B71C26A64500AC2FA5 /* config.h */; };
		3FE4F2BC1C26C18100AC2FA5 /* SwiftMarkConvertToHTMLOperation.swift in Sources */ = {isa = PBXBuildFile; fileRef = 3FE4F2BB1C26C18100AC2FA5 /* SwiftMarkConvertToHTMLOperation.swift */; };
/* End PBXBuildFile section */

/* Begin PBXContainerItemProxy section */
		3F1CF9791C52659C00797CA9 /* PBXContainerItemProxy */ = {
			isa = PBXContainerItemProxy;
			containerPortal = 3F4B51251C11C5130012DB9A /* Project object */;
			proxyType = 1;
			remoteGlobalIDString = 3F4B512D1C11C5130012DB9A;
			remoteInfo = SwiftMarkOSX;
		};
		3F4B513A1C11C5130012DB9A /* PBXContainerItemProxy */ = {
			isa = PBXContainerItemProxy;
			containerPortal = 3F4B51251C11C5130012DB9A /* Project object */;
			proxyType = 1;
			remoteGlobalIDString = 3F4B512D1C11C5130012DB9A;
			remoteInfo = SwiftMark;
		};
		3F5D16FE1C52CACA003C4273 /* PBXContainerItemProxy */ = {
			isa = PBXContainerItemProxy;
			containerPortal = 3F4B51251C11C5130012DB9A /* Project object */;
			proxyType = 1;
			remoteGlobalIDString = 3F0E44541C4964F600E0405E;
			remoteInfo = SwiftMarkIOS;
		};
/* End PBXContainerItemProxy section */

/* Begin PBXCopyFilesBuildPhase section */
		3F1CF97B1C52659C00797CA9 /* Embed Frameworks */ = {
			isa = PBXCopyFilesBuildPhase;
			buildActionMask = 2147483647;
			dstPath = "";
			dstSubfolderSpec = 10;
			files = (
				3F1CF9781C52659C00797CA9 /* SwiftMark.framework in Embed Frameworks */,
			);
			name = "Embed Frameworks";
			runOnlyForDeploymentPostprocessing = 0;
		};
		3F5D17001C52CACA003C4273 /* Embed Frameworks */ = {
			isa = PBXCopyFilesBuildPhase;
			buildActionMask = 2147483647;
			dstPath = "";
			dstSubfolderSpec = 10;
			files = (
				3F5D16FD1C52CACA003C4273 /* SwiftMark.framework in Embed Frameworks */,
			);
			name = "Embed Frameworks";
			runOnlyForDeploymentPostprocessing = 0;
		};
/* End PBXCopyFilesBuildPhase section */

/* Begin PBXFileReference section */
		3F0617E01C4E3D7100A3DE0B /* ExampleIOS.app */ = {isa = PBXFileReference; explicitFileType = wrapper.application; includeInIndex = 0; path = ExampleIOS.app; sourceTree = BUILT_PRODUCTS_DIR; };
		3F0617E21C4E3D7100A3DE0B /* AppDelegate.swift */ = {isa = PBXFileReference; lastKnownFileType = sourcecode.swift; path = AppDelegate.swift; sourceTree = "<group>"; };
		3F0617E41C4E3D7100A3DE0B /* ViewController.swift */ = {isa = PBXFileReference; lastKnownFileType = sourcecode.swift; path = ViewController.swift; sourceTree = "<group>"; };
		3F0617E71C4E3D7100A3DE0B /* Base */ = {isa = PBXFileReference; lastKnownFileType = file.storyboard; name = Base; path = Base.lproj/Main.storyboard; sourceTree = "<group>"; };
		3F0617E91C4E3D7100A3DE0B /* Assets.xcassets */ = {isa = PBXFileReference; lastKnownFileType = folder.assetcatalog; path = Assets.xcassets; sourceTree = "<group>"; };
		3F0617EC1C4E3D7100A3DE0B /* Base */ = {isa = PBXFileReference; lastKnownFileType = file.storyboard; name = Base; path = Base.lproj/LaunchScreen.storyboard; sourceTree = "<group>"; };
		3F0617EE1C4E3D7100A3DE0B /* Info.plist */ = {isa = PBXFileReference; lastKnownFileType = text.plist.xml; path = Info.plist; sourceTree = "<group>"; };
		3F0E44551C4964F600E0405E /* SwiftMark.framework */ = {isa = PBXFileReference; explicitFileType = wrapper.framework; includeInIndex = 0; path = SwiftMark.framework; sourceTree = BUILT_PRODUCTS_DIR; };
		3F0E44571C4964F600E0405E /* SwiftMarkIOS.h */ = {isa = PBXFileReference; lastKnownFileType = sourcecode.c.h; path = SwiftMarkIOS.h; sourceTree = "<group>"; };
		3F0E44591C4964F600E0405E /* Info.plist */ = {isa = PBXFileReference; lastKnownFileType = text.plist.xml; path = Info.plist; sourceTree = "<group>"; };
		3F16F4901C28B24A00BC9171 /* SwiftMarkConvertToXMLOperation.swift */ = {isa = PBXFileReference; fileEncoding = 4; lastKnownFileType = sourcecode.swift; name = SwiftMarkConvertToXMLOperation.swift; path = ../../Sources/Operations/SwiftMarkConvertToXMLOperation.swift; sourceTree = "<group>"; };
		3F2059A01C258BE8004B84E9 /* SwiftMarkOption.swift */ = {isa = PBXFileReference; fileEncoding = 4; lastKnownFileType = sourcecode.swift; name = SwiftMarkOption.swift; path = ../../Sources/Enums/SwiftMarkOption.swift; sourceTree = "<group>"; };
		3F3678A81C462D2C00E9ACB5 /* SwiftMarkOperation.swift */ = {isa = PBXFileReference; fileEncoding = 4; lastKnownFileType = sourcecode.swift; name = SwiftMarkOperation.swift; path = ../../Sources/Operations/SwiftMarkOperation.swift; sourceTree = "<group>"; };
		3F3678AA1C46379000E9ACB5 /* SwiftMarkError.swift */ = {isa = PBXFileReference; fileEncoding = 4; lastKnownFileType = sourcecode.swift; name = SwiftMarkError.swift; path = ../../Sources/Enums/SwiftMarkError.swift; sourceTree = "<group>"; };
		3F4B512E1C11C5130012DB9A /* SwiftMark.framework */ = {isa = PBXFileReference; explicitFileType = wrapper.framework; includeInIndex = 0; path = SwiftMark.framework; sourceTree = BUILT_PRODUCTS_DIR; };
		3F4B51311C11C5130012DB9A /* SwiftMark.h */ = {isa = PBXFileReference; lastKnownFileType = sourcecode.c.h; path = SwiftMark.h; sourceTree = "<group>"; };
		3F4B51331C11C5130012DB9A /* Info.plist */ = {isa = PBXFileReference; lastKnownFileType = text.plist.xml; path = Info.plist; sourceTree = "<group>"; };
		3F4B51381C11C5130012DB9A /* SwiftMarkTests.xctest */ = {isa = PBXFileReference; explicitFileType = wrapper.cfbundle; includeInIndex = 0; path = SwiftMarkTests.xctest; sourceTree = BUILT_PRODUCTS_DIR; };
		3F4B513D1C11C5130012DB9A /* SwiftMarkTests.swift */ = {isa = PBXFileReference; lastKnownFileType = sourcecode.swift; path = SwiftMarkTests.swift; sourceTree = "<group>"; };
		3F4B513F1C11C5130012DB9A /* Info.plist */ = {isa = PBXFileReference; lastKnownFileType = text.plist.xml; path = Info.plist; sourceTree = "<group>"; };
		3F4B51AF1C11D9D80012DB9A /* SwiftMark.swift */ = {isa = PBXFileReference; fileEncoding = 4; lastKnownFileType = sourcecode.swift; name = SwiftMark.swift; path = ../../Sources/SwiftMark.swift; sourceTree = "<group>"; };
		3F4B53501C1336B70012DB9A /* module.map */ = {isa = PBXFileReference; fileEncoding = 4; lastKnownFileType = "sourcecode.module-map"; name = module.map; path = ../../Sources/module.map; sourceTree = "<group>"; };
		3F5D16F81C52C8CD003C4273 /* case_fold_switch.inc */ = {isa = PBXFileReference; fileEncoding = 4; lastKnownFileType = sourcecode.pascal; name = case_fold_switch.inc; path = ../../Sources/cmark/case_fold_switch.inc; sourceTree = "<group>"; };
		3F5D16FA1C52C906003C4273 /* entities.inc */ = {isa = PBXFileReference; fileEncoding = 4; lastKnownFileType = sourcecode.pascal; path = entities.inc; sourceTree = "<group>"; };
		3F6178121C48C92F007FA2A0 /* NSAttributedStringExtension.swift */ = {isa = PBXFileReference; fileEncoding = 4; lastKnownFileType = sourcecode.swift; name = NSAttributedStringExtension.swift; path = ../../Sources/Extensions/NSAttributedStringExtension.swift; sourceTree = "<group>"; };
		3F6178191C4929F2007FA2A0 /* ExampleOSX.app */ = {isa = PBXFileReference; explicitFileType = wrapper.application; includeInIndex = 0; path = ExampleOSX.app; sourceTree = BUILT_PRODUCTS_DIR; };
		3F61781B1C4929F2007FA2A0 /* AppDelegate.swift */ = {isa = PBXFileReference; lastKnownFileType = sourcecode.swift; path = AppDelegate.swift; sourceTree = "<group>"; };
		3F61781D1C4929F2007FA2A0 /* ViewController.swift */ = {isa = PBXFileReference; lastKnownFileType = sourcecode.swift; path = ViewController.swift; sourceTree = "<group>"; };
		3F61781F1C4929F2007FA2A0 /* Assets.xcassets */ = {isa = PBXFileReference; lastKnownFileType = folder.assetcatalog; path = Assets.xcassets; sourceTree = "<group>"; };
		3F6178221C4929F2007FA2A0 /* Base */ = {isa = PBXFileReference; lastKnownFileType = file.storyboard; name = Base; path = Base.lproj/Main.storyboard; sourceTree = "<group>"; };
		3F6178241C4929F2007FA2A0 /* Info.plist */ = {isa = PBXFileReference; lastKnownFileType = text.plist.xml; path = Info.plist; sourceTree = "<group>"; };
		3F6178281C492ED0007FA2A0 /* WindowController.swift */ = {isa = PBXFileReference; fileEncoding = 4; lastKnownFileType = sourcecode.swift; path = WindowController.swift; sourceTree = "<group>"; };
		3FE4F2631C26A62200AC2FA5 /* bench.h */ = {isa = PBXFileReference; fileEncoding = 4; lastKnownFileType = sourcecode.c.h; name = bench.h; path = ../../Sources/cmark/bench.h; sourceTree = "<group>"; };
		3FE4F2641C26A62200AC2FA5 /* buffer.h */ = {isa = PBXFileReference; fileEncoding = 4; lastKnownFileType = sourcecode.c.h; name = buffer.h; path = ../../Sources/cmark/buffer.h; sourceTree = "<group>"; };
		3FE4F2651C26A62200AC2FA5 /* chunk.h */ = {isa = PBXFileReference; fileEncoding = 4; lastKnownFileType = sourcecode.c.h; name = chunk.h; path = ../../Sources/cmark/chunk.h; sourceTree = "<group>"; };
		3FE4F2661C26A62200AC2FA5 /* cmark_ctype.h */ = {isa = PBXFileReference; fileEncoding = 4; lastKnownFileType = sourcecode.c.h; name = cmark_ctype.h; path = ../../Sources/cmark/cmark_ctype.h; sourceTree = "<group>"; };
		3FE4F2671C26A62200AC2FA5 /* cmark.h */ = {isa = PBXFileReference; fileEncoding = 4; lastKnownFileType = sourcecode.c.h; name = cmark.h; path = ../../Sources/cmark/cmark.h; sourceTree = "<group>"; };
		3FE4F2681C26A62200AC2FA5 /* houdini.h */ = {isa = PBXFileReference; fileEncoding = 4; lastKnownFileType = sourcecode.c.h; name = houdini.h; path = ../../Sources/cmark/houdini.h; sourceTree = "<group>"; };
		3FE4F2691C26A62200AC2FA5 /* inlines.h */ = {isa = PBXFileReference; fileEncoding = 4; lastKnownFileType = sourcecode.c.h; name = inlines.h; path = ../../Sources/cmark/inlines.h; sourceTree = "<group>"; };
		3FE4F26A1C26A62200AC2FA5 /* iterator.h */ = {isa = PBXFileReference; fileEncoding = 4; lastKnownFileType = sourcecode.c.h; name = iterator.h; path = ../../Sources/cmark/iterator.h; sourceTree = "<group>"; };
		3FE4F26B1C26A62200AC2FA5 /* node.h */ = {isa = PBXFileReference; fileEncoding = 4; lastKnownFileType = sourcecode.c.h; name = node.h; path = ../../Sources/cmark/node.h; sourceTree = "<group>"; };
		3FE4F26C1C26A62200AC2FA5 /* parser.h */ = {isa = PBXFileReference; fileEncoding = 4; lastKnownFileType = sourcecode.c.h; name = parser.h; path = ../../Sources/cmark/parser.h; sourceTree = "<group>"; };
		3FE4F26D1C26A62200AC2FA5 /* references.h */ = {isa = PBXFileReference; fileEncoding = 4; lastKnownFileType = sourcecode.c.h; name = references.h; path = ../../Sources/cmark/references.h; sourceTree = "<group>"; };
		3FE4F26E1C26A62200AC2FA5 /* render.h */ = {isa = PBXFileReference; fileEncoding = 4; lastKnownFileType = sourcecode.c.h; name = render.h; path = ../../Sources/cmark/render.h; sourceTree = "<group>"; };
		3FE4F26F1C26A62200AC2FA5 /* scanners.h */ = {isa = PBXFileReference; fileEncoding = 4; lastKnownFileType = sourcecode.c.h; name = scanners.h; path = ../../Sources/cmark/scanners.h; sourceTree = "<group>"; };
		3FE4F2701C26A62200AC2FA5 /* utf8.h */ = {isa = PBXFileReference; fileEncoding = 4; lastKnownFileType = sourcecode.c.h; name = utf8.h; path = ../../Sources/cmark/utf8.h; sourceTree = "<group>"; };
		3FE4F2711C26A62200AC2FA5 /* blocks.c */ = {isa = PBXFileReference; fileEncoding = 4; lastKnownFileType = sourcecode.c.c; name = blocks.c; path = ../../Sources/cmark/blocks.c; sourceTree = "<group>"; };
		3FE4F2721C26A62200AC2FA5 /* buffer.c */ = {isa = PBXFileReference; fileEncoding = 4; lastKnownFileType = sourcecode.c.c; name = buffer.c; path = ../../Sources/cmark/buffer.c; sourceTree = "<group>"; };
		3FE4F2731C26A62200AC2FA5 /* cmark_ctype.c */ = {isa = PBXFileReference; fileEncoding = 4; lastKnownFileType = sourcecode.c.c; name = cmark_ctype.c; path = ../../Sources/cmark/cmark_ctype.c; sourceTree = "<group>"; };
		3FE4F2741C26A62200AC2FA5 /* cmark.c */ = {isa = PBXFileReference; fileEncoding = 4; lastKnownFileType = sourcecode.c.c; name = cmark.c; path = ../../Sources/cmark/cmark.c; sourceTree = "<group>"; };
		3FE4F2751C26A62200AC2FA5 /* commonmark.c */ = {isa = PBXFileReference; fileEncoding = 4; lastKnownFileType = sourcecode.c.c; name = commonmark.c; path = ../../Sources/cmark/commonmark.c; sourceTree = "<group>"; };
		3FE4F2761C26A62200AC2FA5 /* houdini_href_e.c */ = {isa = PBXFileReference; fileEncoding = 4; lastKnownFileType = sourcecode.c.c; name = houdini_href_e.c; path = ../../Sources/cmark/houdini_href_e.c; sourceTree = "<group>"; };
		3FE4F2771C26A62200AC2FA5 /* houdini_html_e.c */ = {isa = PBXFileReference; fileEncoding = 4; lastKnownFileType = sourcecode.c.c; name = houdini_html_e.c; path = ../../Sources/cmark/houdini_html_e.c; sourceTree = "<group>"; };
		3FE4F2781C26A62200AC2FA5 /* houdini_html_u.c */ = {isa = PBXFileReference; fileEncoding = 4; lastKnownFileType = sourcecode.c.c; name = houdini_html_u.c; path = ../../Sources/cmark/houdini_html_u.c; sourceTree = "<group>"; };
		3FE4F2791C26A62200AC2FA5 /* html.c */ = {isa = PBXFileReference; fileEncoding = 4; lastKnownFileType = sourcecode.c.c; name = html.c; path = ../../Sources/cmark/html.c; sourceTree = "<group>"; };
		3FE4F27A1C26A62200AC2FA5 /* inlines.c */ = {isa = PBXFileReference; fileEncoding = 4; lastKnownFileType = sourcecode.c.c; name = inlines.c; path = ../../Sources/cmark/inlines.c; sourceTree = "<group>"; };
		3FE4F27B1C26A62200AC2FA5 /* iterator.c */ = {isa = PBXFileReference; fileEncoding = 4; lastKnownFileType = sourcecode.c.c; name = iterator.c; path = ../../Sources/cmark/iterator.c; sourceTree = "<group>"; };
		3FE4F27C1C26A62200AC2FA5 /* latex.c */ = {isa = PBXFileReference; fileEncoding = 4; lastKnownFileType = sourcecode.c.c; name = latex.c; path = ../../Sources/cmark/latex.c; sourceTree = "<group>"; };
		3FE4F27D1C26A62200AC2FA5 /* main.c */ = {isa = PBXFileReference; fileEncoding = 4; lastKnownFileType = sourcecode.c.c; name = main.c; path = ../../Sources/cmark/main.c; sourceTree = "<group>"; };
		3FE4F27E1C26A62200AC2FA5 /* man.c */ = {isa = PBXFileReference; fileEncoding = 4; lastKnownFileType = sourcecode.c.c; name = man.c; path = ../../Sources/cmark/man.c; sourceTree = "<group>"; };
		3FE4F27F1C26A62200AC2FA5 /* node.c */ = {isa = PBXFileReference; fileEncoding = 4; lastKnownFileType = sourcecode.c.c; name = node.c; path = ../../Sources/cmark/node.c; sourceTree = "<group>"; };
		3FE4F2801C26A62200AC2FA5 /* references.c */ = {isa = PBXFileReference; fileEncoding = 4; lastKnownFileType = sourcecode.c.c; name = references.c; path = ../../Sources/cmark/references.c; sourceTree = "<group>"; };
		3FE4F2811C26A62200AC2FA5 /* render.c */ = {isa = PBXFileReference; fileEncoding = 4; lastKnownFileType = sourcecode.c.c; name = render.c; path = ../../Sources/cmark/render.c; sourceTree = "<group>"; };
		3FE4F2821C26A62200AC2FA5 /* scanners.c */ = {isa = PBXFileReference; fileEncoding = 4; lastKnownFileType = sourcecode.c.c; name = scanners.c; path = ../../Sources/cmark/scanners.c; sourceTree = "<group>"; };
		3FE4F2831C26A62200AC2FA5 /* utf8.c */ = {isa = PBXFileReference; fileEncoding = 4; lastKnownFileType = sourcecode.c.c; name = utf8.c; path = ../../Sources/cmark/utf8.c; sourceTree = "<group>"; };
		3FE4F2841C26A62200AC2FA5 /* xml.c */ = {isa = PBXFileReference; fileEncoding = 4; lastKnownFileType = sourcecode.c.c; name = xml.c; path = ../../Sources/cmark/xml.c; sourceTree = "<group>"; };
		3FE4F2B51C26A64500AC2FA5 /* cmark_export.h */ = {isa = PBXFileReference; fileEncoding = 4; lastKnownFileType = sourcecode.c.h; name = cmark_export.h; path = ../../Sources/cmark/cmark_export.h; sourceTree = "<group>"; };
		3FE4F2B61C26A64500AC2FA5 /* cmark_version.h */ = {isa = PBXFileReference; fileEncoding = 4; lastKnownFileType = sourcecode.c.h; name = cmark_version.h; path = ../../Sources/cmark/cmark_version.h; sourceTree = "<group>"; };
		3FE4F2B71C26A64500AC2FA5 /* config.h */ = {isa = PBXFileReference; fileEncoding = 4; lastKnownFileType = sourcecode.c.h; name = config.h; path = ../../Sources/cmark/config.h; sourceTree = "<group>"; };
		3FE4F2BB1C26C18100AC2FA5 /* SwiftMarkConvertToHTMLOperation.swift */ = {isa = PBXFileReference; fileEncoding = 4; lastKnownFileType = sourcecode.swift; name = SwiftMarkConvertToHTMLOperation.swift; path = ../../Sources/Operations/SwiftMarkConvertToHTMLOperation.swift; sourceTree = "<group>"; };
/* End PBXFileReference section */

/* Begin PBXFrameworksBuildPhase section */
		3F0617DD1C4E3D7100A3DE0B /* Frameworks */ = {
			isa = PBXFrameworksBuildPhase;
			buildActionMask = 2147483647;
			files = (
				3F5D16FC1C52CACA003C4273 /* SwiftMark.framework in Frameworks */,
			);
			runOnlyForDeploymentPostprocessing = 0;
		};
		3F0E44511C4964F600E0405E /* Frameworks */ = {
			isa = PBXFrameworksBuildPhase;
			buildActionMask = 2147483647;
			files = (
			);
			runOnlyForDeploymentPostprocessing = 0;
		};
		3F4B512A1C11C5130012DB9A /* Frameworks */ = {
			isa = PBXFrameworksBuildPhase;
			buildActionMask = 2147483647;
			files = (
			);
			runOnlyForDeploymentPostprocessing = 0;
		};
		3F4B51351C11C5130012DB9A /* Frameworks */ = {
			isa = PBXFrameworksBuildPhase;
			buildActionMask = 2147483647;
			files = (
				3F4B51391C11C5130012DB9A /* SwiftMark.framework in Frameworks */,
			);
			runOnlyForDeploymentPostprocessing = 0;
		};
		3F6178161C4929F2007FA2A0 /* Frameworks */ = {
			isa = PBXFrameworksBuildPhase;
			buildActionMask = 2147483647;
			files = (
				3F1CF9771C52659C00797CA9 /* SwiftMark.framework in Frameworks */,
			);
			runOnlyForDeploymentPostprocessing = 0;
		};
/* End PBXFrameworksBuildPhase section */

/* Begin PBXGroup section */
		3F0617E11C4E3D7100A3DE0B /* ExampleIOS */ = {
			isa = PBXGroup;
			children = (
				3F0617E21C4E3D7100A3DE0B /* AppDelegate.swift */,
				3F0617E41C4E3D7100A3DE0B /* ViewController.swift */,
				3F0617E61C4E3D7100A3DE0B /* Main.storyboard */,
				3F0617E91C4E3D7100A3DE0B /* Assets.xcassets */,
				3F0617EB1C4E3D7100A3DE0B /* LaunchScreen.storyboard */,
				3F0617EE1C4E3D7100A3DE0B /* Info.plist */,
			);
			path = ExampleIOS;
			sourceTree = "<group>";
		};
		3F0E44561C4964F600E0405E /* SwiftMarkIOS */ = {
			isa = PBXGroup;
			children = (
				3F0E44571C4964F600E0405E /* SwiftMarkIOS.h */,
				3F0E44591C4964F600E0405E /* Info.plist */,
			);
			path = SwiftMarkIOS;
			sourceTree = "<group>";
		};
		3F2059A21C258C0C004B84E9 /* Enums */ = {
			isa = PBXGroup;
			children = (
				3F2059A01C258BE8004B84E9 /* SwiftMarkOption.swift */,
				3F3678AA1C46379000E9ACB5 /* SwiftMarkError.swift */,
			);
			name = Enums;
			sourceTree = "<group>";
		};
		3F4B51241C11C5130012DB9A = {
			isa = PBXGroup;
			children = (
				3F5D17011C52D3A7003C4273 /* Common */,
				3F4B51301C11C5130012DB9A /* SwiftMarkOSX */,
				3F0E44561C4964F600E0405E /* SwiftMarkIOS */,
				3F61781A1C4929F2007FA2A0 /* ExampleOSX */,
				3F0617E11C4E3D7100A3DE0B /* ExampleIOS */,
				3F4B513C1C11C5130012DB9A /* SwiftMarkTests */,
				3F4B512F1C11C5130012DB9A /* Products */,
			);
			sourceTree = "<group>";
		};
		3F4B512F1C11C5130012DB9A /* Products */ = {
			isa = PBXGroup;
			children = (
				3F4B512E1C11C5130012DB9A /* SwiftMark.framework */,
				3F4B51381C11C5130012DB9A /* SwiftMarkTests.xctest */,
				3F6178191C4929F2007FA2A0 /* ExampleOSX.app */,
				3F0E44551C4964F600E0405E /* SwiftMark.framework */,
				3F0617E01C4E3D7100A3DE0B /* ExampleIOS.app */,
			);
			name = Products;
			sourceTree = "<group>";
		};
		3F4B51301C11C5130012DB9A /* SwiftMarkOSX */ = {
			isa = PBXGroup;
			children = (
				3F6178141C48CADB007FA2A0 /* Extensions */,
				3F4B51311C11C5130012DB9A /* SwiftMark.h */,
				3F4B51331C11C5130012DB9A /* Info.plist */,
			);
			name = SwiftMarkOSX;
			path = SwiftMark;
			sourceTree = "<group>";
		};
		3F4B513C1C11C5130012DB9A /* SwiftMarkTests */ = {
			isa = PBXGroup;
			children = (
				3F4B513D1C11C5130012DB9A /* SwiftMarkTests.swift */,
				3F4B513F1C11C5130012DB9A /* Info.plist */,
			);
			path = SwiftMarkTests;
			sourceTree = "<group>";
		};
		3F4B53521C1337B20012DB9A /* cmark */ = {
			isa = PBXGroup;
			children = (
				3F5D16F81C52C8CD003C4273 /* case_fold_switch.inc */,
				3F5D16FA1C52C906003C4273 /* entities.inc */,
				3FE4F2B51C26A64500AC2FA5 /* cmark_export.h */,
				3FE4F2B61C26A64500AC2FA5 /* cmark_version.h */,
				3FE4F2B71C26A64500AC2FA5 /* config.h */,
				3FE4F2631C26A62200AC2FA5 /* bench.h */,
				3FE4F2641C26A62200AC2FA5 /* buffer.h */,
				3FE4F2651C26A62200AC2FA5 /* chunk.h */,
				3FE4F2661C26A62200AC2FA5 /* cmark_ctype.h */,
				3FE4F2671C26A62200AC2FA5 /* cmark.h */,
				3FE4F2681C26A62200AC2FA5 /* houdini.h */,
				3FE4F2691C26A62200AC2FA5 /* inlines.h */,
				3FE4F26A1C26A62200AC2FA5 /* iterator.h */,
				3FE4F26B1C26A62200AC2FA5 /* node.h */,
				3FE4F26C1C26A62200AC2FA5 /* parser.h */,
				3FE4F26D1C26A62200AC2FA5 /* references.h */,
				3FE4F26E1C26A62200AC2FA5 /* render.h */,
				3FE4F26F1C26A62200AC2FA5 /* scanners.h */,
				3FE4F2701C26A62200AC2FA5 /* utf8.h */,
				3FE4F2711C26A62200AC2FA5 /* blocks.c */,
				3FE4F2721C26A62200AC2FA5 /* buffer.c */,
				3FE4F2731C26A62200AC2FA5 /* cmark_ctype.c */,
				3FE4F2741C26A62200AC2FA5 /* cmark.c */,
				3FE4F2751C26A62200AC2FA5 /* commonmark.c */,
				3FE4F2761C26A62200AC2FA5 /* houdini_href_e.c */,
				3FE4F2771C26A62200AC2FA5 /* houdini_html_e.c */,
				3FE4F2781C26A62200AC2FA5 /* houdini_html_u.c */,
				3FE4F2791C26A62200AC2FA5 /* html.c */,
				3FE4F27A1C26A62200AC2FA5 /* inlines.c */,
				3FE4F27B1C26A62200AC2FA5 /* iterator.c */,
				3FE4F27C1C26A62200AC2FA5 /* latex.c */,
				3FE4F27D1C26A62200AC2FA5 /* main.c */,
				3FE4F27E1C26A62200AC2FA5 /* man.c */,
				3FE4F27F1C26A62200AC2FA5 /* node.c */,
				3FE4F2801C26A62200AC2FA5 /* references.c */,
				3FE4F2811C26A62200AC2FA5 /* render.c */,
				3FE4F2821C26A62200AC2FA5 /* scanners.c */,
				3FE4F2831C26A62200AC2FA5 /* utf8.c */,
				3FE4F2841C26A62200AC2FA5 /* xml.c */,
			);
			name = cmark;
			path = ../../Sources/cmark;
			sourceTree = "<group>";
		};
		3F5D17011C52D3A7003C4273 /* Common */ = {
			isa = PBXGroup;
			children = (
				3F4B53521C1337B20012DB9A /* cmark */,
				3FE4F2BD1C26C18A00AC2FA5 /* Operations */,
				3F2059A21C258C0C004B84E9 /* Enums */,
				3F4B51AF1C11D9D80012DB9A /* SwiftMark.swift */,
				3F4B53501C1336B70012DB9A /* module.map */,
			);
			name = Common;
			path = SwiftMark;
			sourceTree = "<group>";
		};
		3F6178141C48CADB007FA2A0 /* Extensions */ = {
			isa = PBXGroup;
			children = (
				3F6178121C48C92F007FA2A0 /* NSAttributedStringExtension.swift */,
			);
			name = Extensions;
			sourceTree = "<group>";
		};
		3F61781A1C4929F2007FA2A0 /* ExampleOSX */ = {
			isa = PBXGroup;
			children = (
				3F61781B1C4929F2007FA2A0 /* AppDelegate.swift */,
				3F61781D1C4929F2007FA2A0 /* ViewController.swift */,
				3F6178281C492ED0007FA2A0 /* WindowController.swift */,
				3F61781F1C4929F2007FA2A0 /* Assets.xcassets */,
				3F6178211C4929F2007FA2A0 /* Main.storyboard */,
				3F6178241C4929F2007FA2A0 /* Info.plist */,
			);
			path = ExampleOSX;
			sourceTree = "<group>";
		};
		3FE4F2BD1C26C18A00AC2FA5 /* Operations */ = {
			isa = PBXGroup;
			children = (
				3FE4F2BB1C26C18100AC2FA5 /* SwiftMarkConvertToHTMLOperation.swift */,
				3F16F4901C28B24A00BC9171 /* SwiftMarkConvertToXMLOperation.swift */,
				3F3678A81C462D2C00E9ACB5 /* SwiftMarkOperation.swift */,
			);
			name = Operations;
			sourceTree = "<group>";
		};
/* End PBXGroup section */

/* Begin PBXHeadersBuildPhase section */
		3F0E44521C4964F600E0405E /* Headers */ = {
			isa = PBXHeadersBuildPhase;
			buildActionMask = 2147483647;
			files = (
				3F0617B81C4E3C6C00A3DE0B /* cmark_version.h in Headers */,
				3F0617B71C4E3C6C00A3DE0B /* cmark_export.h in Headers */,
				3F0617C21C4E3C6C00A3DE0B /* node.h in Headers */,
				3F0E44581C4964F600E0405E /* SwiftMarkIOS.h in Headers */,
				3F0617C41C4E3C6C00A3DE0B /* references.h in Headers */,
				3F0617C61C4E3C6C00A3DE0B /* scanners.h in Headers */,
				3F0617BE1C4E3C6C00A3DE0B /* cmark.h in Headers */,
				3F0617BA1C4E3C6C00A3DE0B /* bench.h in Headers */,
				3F0617C01C4E3C6C00A3DE0B /* inlines.h in Headers */,
				3F0617C51C4E3C6C00A3DE0B /* render.h in Headers */,
				3F0617BB1C4E3C6C00A3DE0B /* buffer.h in Headers */,
				3F0617C71C4E3C6C00A3DE0B /* utf8.h in Headers */,
				3F0617C31C4E3C6C00A3DE0B /* parser.h in Headers */,
				3F0617C11C4E3C6C00A3DE0B /* iterator.h in Headers */,
				3F0617BD1C4E3C6C00A3DE0B /* cmark_ctype.h in Headers */,
				3F0617BC1C4E3C6C00A3DE0B /* chunk.h in Headers */,
				3F0617BF1C4E3C6C00A3DE0B /* houdini.h in Headers */,
				3F0617B91C4E3C6C00A3DE0B /* config.h in Headers */,
			);
			runOnlyForDeploymentPostprocessing = 0;
		};
		3F4B512B1C11C5130012DB9A /* Headers */ = {
			isa = PBXHeadersBuildPhase;
			buildActionMask = 2147483647;
			files = (
				3FE4F2951C26A62200AC2FA5 /* parser.h in Headers */,
				3FE4F2941C26A62200AC2FA5 /* node.h in Headers */,
				3FE4F2BA1C26A64500AC2FA5 /* config.h in Headers */,
				3F4B51321C11C5130012DB9A /* SwiftMark.h in Headers */,
				3FE4F2B81C26A64500AC2FA5 /* cmark_export.h in Headers */,
				3FE4F2921C26A62200AC2FA5 /* inlines.h in Headers */,
				3FE4F2961C26A62200AC2FA5 /* references.h in Headers */,
				3FE4F28C1C26A62200AC2FA5 /* bench.h in Headers */,
				3FE4F28E1C26A62200AC2FA5 /* chunk.h in Headers */,
				3FE4F2901C26A62200AC2FA5 /* cmark.h in Headers */,
				3FE4F28D1C26A62200AC2FA5 /* buffer.h in Headers */,
				3FE4F2B91C26A64500AC2FA5 /* cmark_version.h in Headers */,
				3FE4F28F1C26A62200AC2FA5 /* cmark_ctype.h in Headers */,
				3FE4F2991C26A62200AC2FA5 /* utf8.h in Headers */,
				3FE4F2971C26A62200AC2FA5 /* render.h in Headers */,
				3FE4F2981C26A62200AC2FA5 /* scanners.h in Headers */,
				3FE4F2911C26A62200AC2FA5 /* houdini.h in Headers */,
				3FE4F2931C26A62200AC2FA5 /* iterator.h in Headers */,
			);
			runOnlyForDeploymentPostprocessing = 0;
		};
/* End PBXHeadersBuildPhase section */

/* Begin PBXNativeTarget section */
		3F0617DF1C4E3D7100A3DE0B /* ExampleIOS */ = {
			isa = PBXNativeTarget;
			buildConfigurationList = 3F0617EF1C4E3D7100A3DE0B /* Build configuration list for PBXNativeTarget "ExampleIOS" */;
			buildPhases = (
				3F0617DC1C4E3D7100A3DE0B /* Sources */,
				3F0617DD1C4E3D7100A3DE0B /* Frameworks */,
				3F0617DE1C4E3D7100A3DE0B /* Resources */,
				3F5D17001C52CACA003C4273 /* Embed Frameworks */,
			);
			buildRules = (
			);
			dependencies = (
				3F5D16FF1C52CACA003C4273 /* PBXTargetDependency */,
			);
			name = ExampleIOS;
			productName = ExampleIOS;
			productReference = 3F0617E01C4E3D7100A3DE0B /* ExampleIOS.app */;
			productType = "com.apple.product-type.application";
		};
		3F0E44541C4964F600E0405E /* SwiftMarkIOS */ = {
			isa = PBXNativeTarget;
			buildConfigurationList = 3F0E445A1C4964F600E0405E /* Build configuration list for PBXNativeTarget "SwiftMarkIOS" */;
			buildPhases = (
				3F0E44501C4964F600E0405E /* Sources */,
				3F0E44511C4964F600E0405E /* Frameworks */,
				3F0E44521C4964F600E0405E /* Headers */,
				3F0E44531C4964F600E0405E /* Resources */,
			);
			buildRules = (
			);
			dependencies = (
			);
			name = SwiftMarkIOS;
			productName = SwiftMarkIOS;
			productReference = 3F0E44551C4964F600E0405E /* SwiftMark.framework */;
			productType = "com.apple.product-type.framework";
		};
		3F4B512D1C11C5130012DB9A /* SwiftMarkOSX */ = {
			isa = PBXNativeTarget;
			buildConfigurationList = 3F4B51421C11C5130012DB9A /* Build configuration list for PBXNativeTarget "SwiftMarkOSX" */;
			buildPhases = (
				3F4B51291C11C5130012DB9A /* Sources */,
				3F4B512A1C11C5130012DB9A /* Frameworks */,
				3F4B512B1C11C5130012DB9A /* Headers */,
				3F4B512C1C11C5130012DB9A /* Resources */,
			);
			buildRules = (
			);
			dependencies = (
			);
			name = SwiftMarkOSX;
			productName = SwiftMark;
			productReference = 3F4B512E1C11C5130012DB9A /* SwiftMark.framework */;
			productType = "com.apple.product-type.framework";
		};
		3F4B51371C11C5130012DB9A /* SwiftMarkTests */ = {
			isa = PBXNativeTarget;
			buildConfigurationList = 3F4B51451C11C5130012DB9A /* Build configuration list for PBXNativeTarget "SwiftMarkTests" */;
			buildPhases = (
				3F4B51341C11C5130012DB9A /* Sources */,
				3F4B51351C11C5130012DB9A /* Frameworks */,
				3F4B51361C11C5130012DB9A /* Resources */,
			);
			buildRules = (
			);
			dependencies = (
				3F4B513B1C11C5130012DB9A /* PBXTargetDependency */,
			);
			name = SwiftMarkTests;
			productName = SwiftMarkTests;
			productReference = 3F4B51381C11C5130012DB9A /* SwiftMarkTests.xctest */;
			productType = "com.apple.product-type.bundle.unit-test";
		};
		3F6178181C4929F2007FA2A0 /* ExampleOSX */ = {
			isa = PBXNativeTarget;
			buildConfigurationList = 3F6178271C4929F2007FA2A0 /* Build configuration list for PBXNativeTarget "ExampleOSX" */;
			buildPhases = (
				3F6178151C4929F2007FA2A0 /* Sources */,
				3F6178161C4929F2007FA2A0 /* Frameworks */,
				3F6178171C4929F2007FA2A0 /* Resources */,
				3F1CF97B1C52659C00797CA9 /* Embed Frameworks */,
			);
			buildRules = (
			);
			dependencies = (
				3F1CF97A1C52659C00797CA9 /* PBXTargetDependency */,
			);
			name = ExampleOSX;
			productName = ExampleOSX;
			productReference = 3F6178191C4929F2007FA2A0 /* ExampleOSX.app */;
			productType = "com.apple.product-type.application";
		};
/* End PBXNativeTarget section */

/* Begin PBXProject section */
		3F4B51251C11C5130012DB9A /* Project object */ = {
			isa = PBXProject;
			attributes = {
				LastSwiftUpdateCheck = 0720;
				LastUpgradeCheck = 0710;
				ORGANIZATIONNAME = "Pierre TACCHI";
				TargetAttributes = {
					3F0617DF1C4E3D7100A3DE0B = {
						CreatedOnToolsVersion = 7.2;
					};
					3F0E44541C4964F600E0405E = {
						CreatedOnToolsVersion = 7.2;
					};
					3F4B512D1C11C5130012DB9A = {
						CreatedOnToolsVersion = 7.1.1;
					};
					3F4B51371C11C5130012DB9A = {
						CreatedOnToolsVersion = 7.1.1;
					};
					3F6178181C4929F2007FA2A0 = {
						CreatedOnToolsVersion = 7.2;
					};
				};
			};
			buildConfigurationList = 3F4B51281C11C5130012DB9A /* Build configuration list for PBXProject "SwiftMark" */;
			compatibilityVersion = "Xcode 6.3";
			developmentRegion = English;
			hasScannedForEncodings = 0;
			knownRegions = (
				en,
				Base,
			);
			mainGroup = 3F4B51241C11C5130012DB9A;
			productRefGroup = 3F4B512F1C11C5130012DB9A /* Products */;
			projectDirPath = "";
			projectRoot = "";
			targets = (
				3F4B512D1C11C5130012DB9A /* SwiftMarkOSX */,
				3F0E44541C4964F600E0405E /* SwiftMarkIOS */,
				3F6178181C4929F2007FA2A0 /* ExampleOSX */,
				3F0617DF1C4E3D7100A3DE0B /* ExampleIOS */,
				3F4B51371C11C5130012DB9A /* SwiftMarkTests */,
			);
		};
/* End PBXProject section */

/* Begin PBXResourcesBuildPhase section */
		3F0617DE1C4E3D7100A3DE0B /* Resources */ = {
			isa = PBXResourcesBuildPhase;
			buildActionMask = 2147483647;
			files = (
				3F0617ED1C4E3D7100A3DE0B /* LaunchScreen.storyboard in Resources */,
				3F0617EA1C4E3D7100A3DE0B /* Assets.xcassets in Resources */,
				3F0617E81C4E3D7100A3DE0B /* Main.storyboard in Resources */,
			);
			runOnlyForDeploymentPostprocessing = 0;
		};
		3F0E44531C4964F600E0405E /* Resources */ = {
			isa = PBXResourcesBuildPhase;
			buildActionMask = 2147483647;
			files = (
			);
			runOnlyForDeploymentPostprocessing = 0;
		};
		3F4B512C1C11C5130012DB9A /* Resources */ = {
			isa = PBXResourcesBuildPhase;
			buildActionMask = 2147483647;
			files = (
			);
			runOnlyForDeploymentPostprocessing = 0;
		};
		3F4B51361C11C5130012DB9A /* Resources */ = {
			isa = PBXResourcesBuildPhase;
			buildActionMask = 2147483647;
			files = (
			);
			runOnlyForDeploymentPostprocessing = 0;
		};
		3F6178171C4929F2007FA2A0 /* Resources */ = {
			isa = PBXResourcesBuildPhase;
			buildActionMask = 2147483647;
			files = (
				3F6178201C4929F2007FA2A0 /* Assets.xcassets in Resources */,
				3F6178231C4929F2007FA2A0 /* Main.storyboard in Resources */,
			);
			runOnlyForDeploymentPostprocessing = 0;
		};
/* End PBXResourcesBuildPhase section */

/* Begin PBXSourcesBuildPhase section */
		3F0617DC1C4E3D7100A3DE0B /* Sources */ = {
			isa = PBXSourcesBuildPhase;
			buildActionMask = 2147483647;
			files = (
				3F0617E51C4E3D7100A3DE0B /* ViewController.swift in Sources */,
				3F0617E31C4E3D7100A3DE0B /* AppDelegate.swift in Sources */,
			);
			runOnlyForDeploymentPostprocessing = 0;
		};
		3F0E44501C4964F600E0405E /* Sources */ = {
			isa = PBXSourcesBuildPhase;
			buildActionMask = 2147483647;
			files = (
				3F0617D51C4E3C7100A3DE0B /* man.c in Sources */,
				3F0617CC1C4E3C7100A3DE0B /* commonmark.c in Sources */,
				3F0617C81C4E3C7100A3DE0B /* blocks.c in Sources */,
				3F0617DB1C4E3C7100A3DE0B /* xml.c in Sources */,
				3F0617D81C4E3C7100A3DE0B /* render.c in Sources */,
				3F0617CD1C4E3C7100A3DE0B /* houdini_href_e.c in Sources */,
				3F0617B21C4E3C5500A3DE0B /* SwiftMarkError.swift in Sources */,
				3F0617C91C4E3C7100A3DE0B /* buffer.c in Sources */,
				3F0617B51C4E3C5B00A3DE0B /* SwiftMarkOperation.swift in Sources */,
				3F0617CA1C4E3C7100A3DE0B /* cmark_ctype.c in Sources */,
				3F0617D11C4E3C7100A3DE0B /* inlines.c in Sources */,
				3F0617D21C4E3C7100A3DE0B /* iterator.c in Sources */,
				3F0617D61C4E3C7100A3DE0B /* node.c in Sources */,
				3F0617CB1C4E3C7100A3DE0B /* cmark.c in Sources */,
				3F0617CF1C4E3C7100A3DE0B /* houdini_html_u.c in Sources */,
				3F0617D91C4E3C7100A3DE0B /* scanners.c in Sources */,
				3F0617D71C4E3C7100A3DE0B /* references.c in Sources */,
				3F0617AF1C4E3C4700A3DE0B /* SwiftMark.swift in Sources */,
				3F0617D31C4E3C7100A3DE0B /* latex.c in Sources */,
				3F0617CE1C4E3C7100A3DE0B /* houdini_html_e.c in Sources */,
				3F0617B01C4E3C5500A3DE0B /* SwiftMarkOption.swift in Sources */,
				3F0617D01C4E3C7100A3DE0B /* html.c in Sources */,
				3F0617B31C4E3C5B00A3DE0B /* SwiftMarkConvertToHTMLOperation.swift in Sources */,
				3F0617DA1C4E3C7100A3DE0B /* utf8.c in Sources */,
				3F0617B41C4E3C5B00A3DE0B /* SwiftMarkConvertToXMLOperation.swift in Sources */,
				3F0617D41C4E3C7100A3DE0B /* main.c in Sources */,
			);
			runOnlyForDeploymentPostprocessing = 0;
		};
		3F4B51291C11C5130012DB9A /* Sources */ = {
			isa = PBXSourcesBuildPhase;
			buildActionMask = 2147483647;
			files = (
				3FE4F29D1C26A62200AC2FA5 /* cmark.c in Sources */,
				3FE4F29F1C26A62200AC2FA5 /* houdini_href_e.c in Sources */,
				3FE4F2A71C26A62200AC2FA5 /* man.c in Sources */,
				3FE4F2A91C26A62200AC2FA5 /* references.c in Sources */,
				3FE4F29E1C26A62200AC2FA5 /* commonmark.c in Sources */,
				3FE4F29A1C26A62200AC2FA5 /* blocks.c in Sources */,
				3FE4F2AA1C26A62200AC2FA5 /* render.c in Sources */,
				3FE4F2A41C26A62200AC2FA5 /* iterator.c in Sources */,
				3FE4F2A61C26A62200AC2FA5 /* main.c in Sources */,
				3F2059A11C258BE8004B84E9 /* SwiftMarkOption.swift in Sources */,
				3FE4F2A51C26A62200AC2FA5 /* latex.c in Sources */,
				3FE4F2AD1C26A62200AC2FA5 /* xml.c in Sources */,
				3F3678AB1C46379000E9ACB5 /* SwiftMarkError.swift in Sources */,
				3FE4F2A01C26A62200AC2FA5 /* houdini_html_e.c in Sources */,
				3F6178131C48C92F007FA2A0 /* NSAttributedStringExtension.swift in Sources */,
				3F16F4911C28B24A00BC9171 /* SwiftMarkConvertToXMLOperation.swift in Sources */,
				3FE4F2AC1C26A62200AC2FA5 /* utf8.c in Sources */,
				3FE4F2BC1C26C18100AC2FA5 /* SwiftMarkConvertToHTMLOperation.swift in Sources */,
				3FE4F2AB1C26A62200AC2FA5 /* scanners.c in Sources */,
				3F4B51B01C11D9D80012DB9A /* SwiftMark.swift in Sources */,
				3F3678A91C462D2C00E9ACB5 /* SwiftMarkOperation.swift in Sources */,
				3FE4F2A21C26A62200AC2FA5 /* html.c in Sources */,
				3FE4F2A81C26A62200AC2FA5 /* node.c in Sources */,
				3FE4F2A31C26A62200AC2FA5 /* inlines.c in Sources */,
				3FE4F29B1C26A62200AC2FA5 /* buffer.c in Sources */,
				3FE4F29C1C26A62200AC2FA5 /* cmark_ctype.c in Sources */,
				3FE4F2A11C26A62200AC2FA5 /* houdini_html_u.c in Sources */,
			);
			runOnlyForDeploymentPostprocessing = 0;
		};
		3F4B51341C11C5130012DB9A /* Sources */ = {
			isa = PBXSourcesBuildPhase;
			buildActionMask = 2147483647;
			files = (
				3F4B513E1C11C5130012DB9A /* SwiftMarkTests.swift in Sources */,
			);
			runOnlyForDeploymentPostprocessing = 0;
		};
		3F6178151C4929F2007FA2A0 /* Sources */ = {
			isa = PBXSourcesBuildPhase;
			buildActionMask = 2147483647;
			files = (
				3F61781E1C4929F2007FA2A0 /* ViewController.swift in Sources */,
				3F6178291C492ED0007FA2A0 /* WindowController.swift in Sources */,
				3F61781C1C4929F2007FA2A0 /* AppDelegate.swift in Sources */,
			);
			runOnlyForDeploymentPostprocessing = 0;
		};
/* End PBXSourcesBuildPhase section */

/* Begin PBXTargetDependency section */
		3F1CF97A1C52659C00797CA9 /* PBXTargetDependency */ = {
			isa = PBXTargetDependency;
			target = 3F4B512D1C11C5130012DB9A /* SwiftMarkOSX */;
			targetProxy = 3F1CF9791C52659C00797CA9 /* PBXContainerItemProxy */;
		};
		3F4B513B1C11C5130012DB9A /* PBXTargetDependency */ = {
			isa = PBXTargetDependency;
			target = 3F4B512D1C11C5130012DB9A /* SwiftMarkOSX */;
			targetProxy = 3F4B513A1C11C5130012DB9A /* PBXContainerItemProxy */;
		};
		3F5D16FF1C52CACA003C4273 /* PBXTargetDependency */ = {
			isa = PBXTargetDependency;
			target = 3F0E44541C4964F600E0405E /* SwiftMarkIOS */;
			targetProxy = 3F5D16FE1C52CACA003C4273 /* PBXContainerItemProxy */;
		};
/* End PBXTargetDependency section */

/* Begin PBXVariantGroup section */
		3F0617E61C4E3D7100A3DE0B /* Main.storyboard */ = {
			isa = PBXVariantGroup;
			children = (
				3F0617E71C4E3D7100A3DE0B /* Base */,
			);
			name = Main.storyboard;
			sourceTree = "<group>";
		};
		3F0617EB1C4E3D7100A3DE0B /* LaunchScreen.storyboard */ = {
			isa = PBXVariantGroup;
			children = (
				3F0617EC1C4E3D7100A3DE0B /* Base */,
			);
			name = LaunchScreen.storyboard;
			sourceTree = "<group>";
		};
		3F6178211C4929F2007FA2A0 /* Main.storyboard */ = {
			isa = PBXVariantGroup;
			children = (
				3F6178221C4929F2007FA2A0 /* Base */,
			);
			name = Main.storyboard;
			sourceTree = "<group>";
		};
/* End PBXVariantGroup section */

/* Begin XCBuildConfiguration section */
		3F0617F01C4E3D7100A3DE0B /* Debug */ = {
			isa = XCBuildConfiguration;
			buildSettings = {
				ASSETCATALOG_COMPILER_APPICON_NAME = AppIcon;
				"CODE_SIGN_IDENTITY[sdk=iphoneos*]" = "iPhone Developer";
				EMBEDDED_CONTENT_CONTAINS_SWIFT = YES;
				INFOPLIST_FILE = ExampleIOS/Info.plist;
				IPHONEOS_DEPLOYMENT_TARGET = 9.2;
				LD_RUNPATH_SEARCH_PATHS = "$(inherited) @executable_path/Frameworks";
				PRODUCT_BUNDLE_IDENTIFIER = com.pyrolyse.ExampleIOS;
				PRODUCT_NAME = "$(TARGET_NAME)";
				SDKROOT = iphoneos;
				TARGETED_DEVICE_FAMILY = "1,2";
			};
			name = Debug;
		};
		3F0617F11C4E3D7100A3DE0B /* Release */ = {
			isa = XCBuildConfiguration;
			buildSettings = {
				ASSETCATALOG_COMPILER_APPICON_NAME = AppIcon;
				"CODE_SIGN_IDENTITY[sdk=iphoneos*]" = "iPhone Developer";
				EMBEDDED_CONTENT_CONTAINS_SWIFT = YES;
				INFOPLIST_FILE = ExampleIOS/Info.plist;
				IPHONEOS_DEPLOYMENT_TARGET = 9.2;
				LD_RUNPATH_SEARCH_PATHS = "$(inherited) @executable_path/Frameworks";
				PRODUCT_BUNDLE_IDENTIFIER = com.pyrolyse.ExampleIOS;
				PRODUCT_NAME = "$(TARGET_NAME)";
				SDKROOT = iphoneos;
				TARGETED_DEVICE_FAMILY = "1,2";
				VALIDATE_PRODUCT = YES;
			};
			name = Release;
		};
		3F0E445B1C4964F600E0405E /* Debug */ = {
			isa = XCBuildConfiguration;
			buildSettings = {
				"CODE_SIGN_IDENTITY[sdk=iphoneos*]" = "iPhone Developer";
				DEFINES_MODULE = YES;
				DYLIB_COMPATIBILITY_VERSION = 1;
				DYLIB_CURRENT_VERSION = 1;
				DYLIB_INSTALL_NAME_BASE = "@rpath";
				INFOPLIST_FILE = SwiftMarkIOS/Info.plist;
				INSTALL_PATH = "$(LOCAL_LIBRARY_DIR)/Frameworks";
				IPHONEOS_DEPLOYMENT_TARGET = 9.2;
				LD_RUNPATH_SEARCH_PATHS = "$(inherited) @executable_path/Frameworks @loader_path/Frameworks";
				PRODUCT_BUNDLE_IDENTIFIER = com.pyrolyse.SwiftMarkIOS;
				PRODUCT_NAME = SwiftMark;
				SDKROOT = iphoneos;
				SKIP_INSTALL = YES;
				SWIFT_INCLUDE_PATHS = "${SRCROOT}/../Sources/**";
				TARGETED_DEVICE_FAMILY = "1,2";
			};
			name = Debug;
		};
		3F0E445C1C4964F600E0405E /* Release */ = {
			isa = XCBuildConfiguration;
			buildSettings = {
				"CODE_SIGN_IDENTITY[sdk=iphoneos*]" = "iPhone Developer";
				DEFINES_MODULE = YES;
				DYLIB_COMPATIBILITY_VERSION = 1;
				DYLIB_CURRENT_VERSION = 1;
				DYLIB_INSTALL_NAME_BASE = "@rpath";
				INFOPLIST_FILE = SwiftMarkIOS/Info.plist;
				INSTALL_PATH = "$(LOCAL_LIBRARY_DIR)/Frameworks";
				IPHONEOS_DEPLOYMENT_TARGET = 9.2;
				LD_RUNPATH_SEARCH_PATHS = "$(inherited) @executable_path/Frameworks @loader_path/Frameworks";
				PRODUCT_BUNDLE_IDENTIFIER = com.pyrolyse.SwiftMarkIOS;
				PRODUCT_NAME = SwiftMark;
				SDKROOT = iphoneos;
				SKIP_INSTALL = YES;
				SWIFT_INCLUDE_PATHS = "${SRCROOT}/../Sources/**";
				TARGETED_DEVICE_FAMILY = "1,2";
				VALIDATE_PRODUCT = YES;
			};
			name = Release;
		};
		3F4B51401C11C5130012DB9A /* Debug */ = {
			isa = XCBuildConfiguration;
			buildSettings = {
				ALWAYS_SEARCH_USER_PATHS = NO;
				CLANG_CXX_LANGUAGE_STANDARD = "gnu++0x";
				CLANG_CXX_LIBRARY = "libc++";
				CLANG_ENABLE_MODULES = YES;
				CLANG_ENABLE_OBJC_ARC = YES;
				CLANG_WARN_BOOL_CONVERSION = YES;
				CLANG_WARN_CONSTANT_CONVERSION = YES;
				CLANG_WARN_DIRECT_OBJC_ISA_USAGE = YES_ERROR;
				CLANG_WARN_EMPTY_BODY = YES;
				CLANG_WARN_ENUM_CONVERSION = YES;
				CLANG_WARN_INT_CONVERSION = YES;
				CLANG_WARN_OBJC_ROOT_CLASS = YES_ERROR;
				CLANG_WARN_UNREACHABLE_CODE = YES;
				CLANG_WARN__DUPLICATE_METHOD_MATCH = YES;
				CODE_SIGN_IDENTITY = "-";
				COPY_PHASE_STRIP = NO;
				CURRENT_PROJECT_VERSION = 1;
				DEBUG_INFORMATION_FORMAT = dwarf;
				ENABLE_STRICT_OBJC_MSGSEND = YES;
				ENABLE_TESTABILITY = YES;
				GCC_C_LANGUAGE_STANDARD = gnu99;
				GCC_DYNAMIC_NO_PIC = NO;
				GCC_NO_COMMON_BLOCKS = YES;
				GCC_OPTIMIZATION_LEVEL = 0;
				GCC_PREPROCESSOR_DEFINITIONS = (
					"DEBUG=1",
					"$(inherited)",
				);
				GCC_WARN_64_TO_32_BIT_CONVERSION = YES;
				GCC_WARN_ABOUT_RETURN_TYPE = YES_ERROR;
				GCC_WARN_UNDECLARED_SELECTOR = YES;
				GCC_WARN_UNINITIALIZED_AUTOS = YES_AGGRESSIVE;
				GCC_WARN_UNUSED_FUNCTION = YES;
				GCC_WARN_UNUSED_VARIABLE = YES;
				MACOSX_DEPLOYMENT_TARGET = 10.11;
				MTL_ENABLE_DEBUG_INFO = YES;
				ONLY_ACTIVE_ARCH = YES;
				SDKROOT = macosx;
				SWIFT_OPTIMIZATION_LEVEL = "-Onone";
				VERSIONING_SYSTEM = "apple-generic";
				VERSION_INFO_PREFIX = "";
			};
			name = Debug;
		};
		3F4B51411C11C5130012DB9A /* Release */ = {
			isa = XCBuildConfiguration;
			buildSettings = {
				ALWAYS_SEARCH_USER_PATHS = NO;
				CLANG_CXX_LANGUAGE_STANDARD = "gnu++0x";
				CLANG_CXX_LIBRARY = "libc++";
				CLANG_ENABLE_MODULES = YES;
				CLANG_ENABLE_OBJC_ARC = YES;
				CLANG_WARN_BOOL_CONVERSION = YES;
				CLANG_WARN_CONSTANT_CONVERSION = YES;
				CLANG_WARN_DIRECT_OBJC_ISA_USAGE = YES_ERROR;
				CLANG_WARN_EMPTY_BODY = YES;
				CLANG_WARN_ENUM_CONVERSION = YES;
				CLANG_WARN_INT_CONVERSION = YES;
				CLANG_WARN_OBJC_ROOT_CLASS = YES_ERROR;
				CLANG_WARN_UNREACHABLE_CODE = YES;
				CLANG_WARN__DUPLICATE_METHOD_MATCH = YES;
				CODE_SIGN_IDENTITY = "-";
				COPY_PHASE_STRIP = NO;
				CURRENT_PROJECT_VERSION = 1;
				DEBUG_INFORMATION_FORMAT = "dwarf-with-dsym";
				ENABLE_NS_ASSERTIONS = NO;
				ENABLE_STRICT_OBJC_MSGSEND = YES;
				GCC_C_LANGUAGE_STANDARD = gnu99;
				GCC_NO_COMMON_BLOCKS = YES;
				GCC_WARN_64_TO_32_BIT_CONVERSION = YES;
				GCC_WARN_ABOUT_RETURN_TYPE = YES_ERROR;
				GCC_WARN_UNDECLARED_SELECTOR = YES;
				GCC_WARN_UNINITIALIZED_AUTOS = YES_AGGRESSIVE;
				GCC_WARN_UNUSED_FUNCTION = YES;
				GCC_WARN_UNUSED_VARIABLE = YES;
				MACOSX_DEPLOYMENT_TARGET = 10.11;
				MTL_ENABLE_DEBUG_INFO = NO;
				SDKROOT = macosx;
				VERSIONING_SYSTEM = "apple-generic";
				VERSION_INFO_PREFIX = "";
			};
			name = Release;
		};
		3F4B51431C11C5130012DB9A /* Debug */ = {
			isa = XCBuildConfiguration;
			buildSettings = {
				CLANG_ALLOW_NON_MODULAR_INCLUDES_IN_FRAMEWORK_MODULES = NO;
				CLANG_ENABLE_MODULES = YES;
				COMBINE_HIDPI_IMAGES = YES;
				DEFINES_MODULE = YES;
				DYLIB_COMPATIBILITY_VERSION = 1;
				DYLIB_CURRENT_VERSION = 1;
				DYLIB_INSTALL_NAME_BASE = "@rpath";
				FRAMEWORK_VERSION = A;
				INFOPLIST_FILE = SwiftMark/Info.plist;
				INSTALL_PATH = "$(LOCAL_LIBRARY_DIR)/Frameworks";
				LD_RUNPATH_SEARCH_PATHS = "$(inherited) @executable_path/../Frameworks @loader_path/Frameworks";
				PRODUCT_BUNDLE_IDENTIFIER = com.pyrolyse.SwiftMark;
				PRODUCT_NAME = SwiftMark;
				SKIP_INSTALL = YES;
				SWIFT_INCLUDE_PATHS = "${SRCROOT}/../Sources/**";
				SWIFT_OBJC_BRIDGING_HEADER = "";
				SWIFT_OPTIMIZATION_LEVEL = "-Onone";
				USER_HEADER_SEARCH_PATHS = "";
			};
			name = Debug;
		};
		3F4B51441C11C5130012DB9A /* Release */ = {
			isa = XCBuildConfiguration;
			buildSettings = {
				CLANG_ALLOW_NON_MODULAR_INCLUDES_IN_FRAMEWORK_MODULES = NO;
				CLANG_ENABLE_MODULES = YES;
				COMBINE_HIDPI_IMAGES = YES;
				DEFINES_MODULE = YES;
				DYLIB_COMPATIBILITY_VERSION = 1;
				DYLIB_CURRENT_VERSION = 1;
				DYLIB_INSTALL_NAME_BASE = "@rpath";
				FRAMEWORK_VERSION = A;
				INFOPLIST_FILE = SwiftMark/Info.plist;
				INSTALL_PATH = "$(LOCAL_LIBRARY_DIR)/Frameworks";
				LD_RUNPATH_SEARCH_PATHS = "$(inherited) @executable_path/../Frameworks @loader_path/Frameworks";
				PRODUCT_BUNDLE_IDENTIFIER = com.pyrolyse.SwiftMark;
				PRODUCT_NAME = SwiftMark;
				SKIP_INSTALL = YES;
				SWIFT_INCLUDE_PATHS = "${SRCROOT}/../Sources/**";
				SWIFT_OBJC_BRIDGING_HEADER = "";
				USER_HEADER_SEARCH_PATHS = "";
			};
			name = Release;
		};
		3F4B51461C11C5130012DB9A /* Debug */ = {
			isa = XCBuildConfiguration;
			buildSettings = {
				COMBINE_HIDPI_IMAGES = YES;
				INFOPLIST_FILE = SwiftMarkTests/Info.plist;
				LD_RUNPATH_SEARCH_PATHS = "$(inherited) @executable_path/../Frameworks @loader_path/../Frameworks";
				PRODUCT_BUNDLE_IDENTIFIER = com.pyrolyse.SwiftMarkTests;
				PRODUCT_NAME = "$(TARGET_NAME)";
			};
			name = Debug;
		};
		3F4B51471C11C5130012DB9A /* Release */ = {
			isa = XCBuildConfiguration;
			buildSettings = {
				COMBINE_HIDPI_IMAGES = YES;
				INFOPLIST_FILE = SwiftMarkTests/Info.plist;
				LD_RUNPATH_SEARCH_PATHS = "$(inherited) @executable_path/../Frameworks @loader_path/../Frameworks";
				PRODUCT_BUNDLE_IDENTIFIER = com.pyrolyse.SwiftMarkTests;
				PRODUCT_NAME = "$(TARGET_NAME)";
			};
			name = Release;
		};
		3F6178251C4929F2007FA2A0 /* Debug */ = {
			isa = XCBuildConfiguration;
			buildSettings = {
				ASSETCATALOG_COMPILER_APPICON_NAME = AppIcon;
				COMBINE_HIDPI_IMAGES = YES;
				EMBEDDED_CONTENT_CONTAINS_SWIFT = YES;
				INFOPLIST_FILE = ExampleOSX/Info.plist;
				LD_RUNPATH_SEARCH_PATHS = "$(inherited) @executable_path/../Frameworks";
				PRODUCT_BUNDLE_IDENTIFIER = com.pyrolyse.ExampleOSX;
				PRODUCT_NAME = "$(TARGET_NAME)";
			};
			name = Debug;
		};
		3F6178261C4929F2007FA2A0 /* Release */ = {
			isa = XCBuildConfiguration;
			buildSettings = {
				ASSETCATALOG_COMPILER_APPICON_NAME = AppIcon;
				COMBINE_HIDPI_IMAGES = YES;
				EMBEDDED_CONTENT_CONTAINS_SWIFT = YES;
				INFOPLIST_FILE = ExampleOSX/Info.plist;
				LD_RUNPATH_SEARCH_PATHS = "$(inherited) @executable_path/../Frameworks";
				PRODUCT_BUNDLE_IDENTIFIER = com.pyrolyse.ExampleOSX;
				PRODUCT_NAME = "$(TARGET_NAME)";
			};
			name = Release;
		};
/* End XCBuildConfiguration section */

/* Begin XCConfigurationList section */
		3F0617EF1C4E3D7100A3DE0B /* Build configuration list for PBXNativeTarget "ExampleIOS" */ = {
			isa = XCConfigurationList;
			buildConfigurations = (
				3F0617F01C4E3D7100A3DE0B /* Debug */,
				3F0617F11C4E3D7100A3DE0B /* Release */,
			);
			defaultConfigurationIsVisible = 0;
			defaultConfigurationName = Release;
		};
		3F0E445A1C4964F600E0405E /* Build configuration list for PBXNativeTarget "SwiftMarkIOS" */ = {
			isa = XCConfigurationList;
			buildConfigurations = (
				3F0E445B1C4964F600E0405E /* Debug */,
				3F0E445C1C4964F600E0405E /* Release */,
			);
			defaultConfigurationIsVisible = 0;
			defaultConfigurationName = Release;
		};
		3F4B51281C11C5130012DB9A /* Build configuration list for PBXProject "SwiftMark" */ = {
			isa = XCConfigurationList;
			buildConfigurations = (
				3F4B51401C11C5130012DB9A /* Debug */,
				3F4B51411C11C5130012DB9A /* Release */,
			);
			defaultConfigurationIsVisible = 0;
			defaultConfigurationName = Release;
		};
		3F4B51421C11C5130012DB9A /* Build configuration list for PBXNativeTarget "SwiftMarkOSX" */ = {
			isa = XCConfigurationList;
			buildConfigurations = (
				3F4B51431C11C5130012DB9A /* Debug */,
				3F4B51441C11C5130012DB9A /* Release */,
			);
			defaultConfigurationIsVisible = 0;
			defaultConfigurationName = Release;
		};
		3F4B51451C11C5130012DB9A /* Build configuration list for PBXNativeTarget "SwiftMarkTests" */ = {
			isa = XCConfigurationList;
			buildConfigurations = (
				3F4B51461C11C5130012DB9A /* Debug */,
				3F4B51471C11C5130012DB9A /* Release */,
			);
			defaultConfigurationIsVisible = 0;
			defaultConfigurationName = Release;
		};
		3F6178271C4929F2007FA2A0 /* Build configuration list for PBXNativeTarget "ExampleOSX" */ = {
			isa = XCConfigurationList;
			buildConfigurations = (
				3F6178251C4929F2007FA2A0 /* Debug */,
				3F6178261C4929F2007FA2A0 /* Release */,
			);
			defaultConfigurationIsVisible = 0;
			defaultConfigurationName = Release;
		};
/* End XCConfigurationList section */
	};
	rootObject = 3F4B51251C11C5130012DB9A /* Project object */;
}
