// !$*UTF8*$!
{
	archiveVersion = 1;
	classes = {
	};
	objectVersion = 47;
	objects = {

/* Begin PBXBuildFile section */
		04587245201ABEC5000D4EB9 /* blocks.c in Sources */ = {isa = PBXBuildFile; fileRef = 1D7F3B471DB2B6A4005C259E /* blocks.c */; };
		04587246201ABEC5000D4EB9 /* buffer.c in Sources */ = {isa = PBXBuildFile; fileRef = 1D7F3B481DB2B6A4005C259E /* buffer.c */; };
		04587247201ABEC5000D4EB9 /* cmark_ctype.c in Sources */ = {isa = PBXBuildFile; fileRef = 1D7F3B4A1DB2B6A4005C259E /* cmark_ctype.c */; };
		04587248201ABEC5000D4EB9 /* cmark.c in Sources */ = {isa = PBXBuildFile; fileRef = 1D7F3B4B1DB2B6A4005C259E /* cmark.c */; };
		04587249201ABEC5000D4EB9 /* commonmark.c in Sources */ = {isa = PBXBuildFile; fileRef = 1D7F3B4C1DB2B6A4005C259E /* commonmark.c */; };
		0458724A201ABEC5000D4EB9 /* houdini_href_e.c in Sources */ = {isa = PBXBuildFile; fileRef = 1D7F3B4E1DB2B6A4005C259E /* houdini_href_e.c */; };
		0458724B201ABEC5000D4EB9 /* houdini_html_e.c in Sources */ = {isa = PBXBuildFile; fileRef = 1D7F3B4F1DB2B6A4005C259E /* houdini_html_e.c */; };
		0458724C201ABEC5000D4EB9 /* houdini_html_u.c in Sources */ = {isa = PBXBuildFile; fileRef = 1D7F3B501DB2B6A4005C259E /* houdini_html_u.c */; };
		0458724D201ABEC5000D4EB9 /* html.c in Sources */ = {isa = PBXBuildFile; fileRef = 1D7F3B521DB2B6A4005C259E /* html.c */; };
		0458724E201ABEC5000D4EB9 /* inlines.c in Sources */ = {isa = PBXBuildFile; fileRef = 1D7F3B531DB2B6A4005C259E /* inlines.c */; };
		0458724F201ABEC5000D4EB9 /* iterator.c in Sources */ = {isa = PBXBuildFile; fileRef = 1D7F3B551DB2B6A4005C259E /* iterator.c */; };
		04587250201ABEC5000D4EB9 /* latex.c in Sources */ = {isa = PBXBuildFile; fileRef = 1D7F3B571DB2B6A4005C259E /* latex.c */; };
		04587251201ABEC5000D4EB9 /* man.c in Sources */ = {isa = PBXBuildFile; fileRef = 1D7F3B581DB2B6A4005C259E /* man.c */; };
		04587252201ABEC5000D4EB9 /* node.c in Sources */ = {isa = PBXBuildFile; fileRef = 1D7F3B591DB2B6A4005C259E /* node.c */; };
		04587253201ABEC5000D4EB9 /* references.c in Sources */ = {isa = PBXBuildFile; fileRef = 1D7F3B5B1DB2B6A4005C259E /* references.c */; };
		04587254201ABEC5000D4EB9 /* render.c in Sources */ = {isa = PBXBuildFile; fileRef = 1D7F3B5D1DB2B6A4005C259E /* render.c */; };
		04587255201ABEC5000D4EB9 /* scanners.c in Sources */ = {isa = PBXBuildFile; fileRef = 1D7F3B5F1DB2B6A4005C259E /* scanners.c */; };
		04587256201ABEC5000D4EB9 /* utf8.c in Sources */ = {isa = PBXBuildFile; fileRef = 1D7F3B611DB2B6A4005C259E /* utf8.c */; };
		04587257201ABEC5000D4EB9 /* xml.c in Sources */ = {isa = PBXBuildFile; fileRef = 1D7F3B631DB2B6A4005C259E /* xml.c */; };
		04587258201ABEC5000D4EB9 /* SwiftMark.swift in Sources */ = {isa = PBXBuildFile; fileRef = 1D42BC531DB2AAA900F61ACA /* SwiftMark.swift */; };
		04587259201ABEC5000D4EB9 /* SwiftMarkConvertToHTMLOperation.swift in Sources */ = {isa = PBXBuildFile; fileRef = 1D42BC541DB2AAA900F61ACA /* SwiftMarkConvertToHTMLOperation.swift */; };
		0458725A201ABEC5000D4EB9 /* SwiftMarkConvertToXMLOperation.swift in Sources */ = {isa = PBXBuildFile; fileRef = 1D42BC551DB2AAA900F61ACA /* SwiftMarkConvertToXMLOperation.swift */; };
		0458725B201ABEC5000D4EB9 /* SwiftMarkError.swift in Sources */ = {isa = PBXBuildFile; fileRef = 1D42BC561DB2AAA900F61ACA /* SwiftMarkError.swift */; };
		0458725C201ABEC5000D4EB9 /* SwiftMarkNode.swift in Sources */ = {isa = PBXBuildFile; fileRef = 1D42BC571DB2AAA900F61ACA /* SwiftMarkNode.swift */; };
		0458725D201ABEC5000D4EB9 /* SwiftMarkOperation.swift in Sources */ = {isa = PBXBuildFile; fileRef = 1D42BC581DB2AAA900F61ACA /* SwiftMarkOperation.swift */; };
		0458725E201ABEC5000D4EB9 /* SwiftMarkOption.swift in Sources */ = {isa = PBXBuildFile; fileRef = 1D42BC591DB2AAA900F61ACA /* SwiftMarkOption.swift */; };
		0458725F201AC156000D4EB9 /* case_fold_switch.inc in Sources */ = {isa = PBXBuildFile; fileRef = 1D7F3B491DB2B6A4005C259E /* case_fold_switch.inc */; };
		04587260201AC156000D4EB9 /* entities.inc in Sources */ = {isa = PBXBuildFile; fileRef = 1D7F3B4D1DB2B6A4005C259E /* entities.inc */; };
		1D7F3B2B1DB2AD63005C259E /* SwiftMark.swift in Sources */ = {isa = PBXBuildFile; fileRef = 1D42BC531DB2AAA900F61ACA /* SwiftMark.swift */; };
		1D7F3B2C1DB2AD63005C259E /* SwiftMarkConvertToHTMLOperation.swift in Sources */ = {isa = PBXBuildFile; fileRef = 1D42BC541DB2AAA900F61ACA /* SwiftMarkConvertToHTMLOperation.swift */; };
		1D7F3B2D1DB2AD63005C259E /* SwiftMarkConvertToXMLOperation.swift in Sources */ = {isa = PBXBuildFile; fileRef = 1D42BC551DB2AAA900F61ACA /* SwiftMarkConvertToXMLOperation.swift */; };
		1D7F3B2E1DB2AD63005C259E /* SwiftMarkError.swift in Sources */ = {isa = PBXBuildFile; fileRef = 1D42BC561DB2AAA900F61ACA /* SwiftMarkError.swift */; };
		1D7F3B2F1DB2AD63005C259E /* SwiftMarkNode.swift in Sources */ = {isa = PBXBuildFile; fileRef = 1D42BC571DB2AAA900F61ACA /* SwiftMarkNode.swift */; };
		1D7F3B301DB2AD63005C259E /* SwiftMarkOperation.swift in Sources */ = {isa = PBXBuildFile; fileRef = 1D42BC581DB2AAA900F61ACA /* SwiftMarkOperation.swift */; };
		1D7F3B311DB2AD63005C259E /* SwiftMarkOption.swift in Sources */ = {isa = PBXBuildFile; fileRef = 1D42BC591DB2AAA900F61ACA /* SwiftMarkOption.swift */; };
		1D7F3B321DB2ADE2005C259E /* NSAttributedStringExtension.swift in Sources */ = {isa = PBXBuildFile; fileRef = 3F6178121C48C92F007FA2A0 /* NSAttributedStringExtension.swift */; };
		1D7F3B641DB2B6A4005C259E /* blocks.c in Sources */ = {isa = PBXBuildFile; fileRef = 1D7F3B471DB2B6A4005C259E /* blocks.c */; };
		1D7F3B651DB2B6A4005C259E /* buffer.c in Sources */ = {isa = PBXBuildFile; fileRef = 1D7F3B481DB2B6A4005C259E /* buffer.c */; };
		1D7F3B661DB2B6A4005C259E /* case_fold_switch.inc in Sources */ = {isa = PBXBuildFile; fileRef = 1D7F3B491DB2B6A4005C259E /* case_fold_switch.inc */; };
		1D7F3B671DB2B6A4005C259E /* cmark_ctype.c in Sources */ = {isa = PBXBuildFile; fileRef = 1D7F3B4A1DB2B6A4005C259E /* cmark_ctype.c */; };
		1D7F3B681DB2B6A4005C259E /* cmark.c in Sources */ = {isa = PBXBuildFile; fileRef = 1D7F3B4B1DB2B6A4005C259E /* cmark.c */; };
		1D7F3B691DB2B6A4005C259E /* commonmark.c in Sources */ = {isa = PBXBuildFile; fileRef = 1D7F3B4C1DB2B6A4005C259E /* commonmark.c */; };
		1D7F3B6A1DB2B6A4005C259E /* entities.inc in Sources */ = {isa = PBXBuildFile; fileRef = 1D7F3B4D1DB2B6A4005C259E /* entities.inc */; };
		1D7F3B6B1DB2B6A4005C259E /* houdini_href_e.c in Sources */ = {isa = PBXBuildFile; fileRef = 1D7F3B4E1DB2B6A4005C259E /* houdini_href_e.c */; };
		1D7F3B6C1DB2B6A4005C259E /* houdini_html_e.c in Sources */ = {isa = PBXBuildFile; fileRef = 1D7F3B4F1DB2B6A4005C259E /* houdini_html_e.c */; };
		1D7F3B6D1DB2B6A4005C259E /* houdini_html_u.c in Sources */ = {isa = PBXBuildFile; fileRef = 1D7F3B501DB2B6A4005C259E /* houdini_html_u.c */; };
		1D7F3B6E1DB2B6A4005C259E /* houdini.h in Headers */ = {isa = PBXBuildFile; fileRef = 1D7F3B511DB2B6A4005C259E /* houdini.h */; };
		1D7F3B6F1DB2B6A4005C259E /* html.c in Sources */ = {isa = PBXBuildFile; fileRef = 1D7F3B521DB2B6A4005C259E /* html.c */; };
		1D7F3B701DB2B6A4005C259E /* inlines.c in Sources */ = {isa = PBXBuildFile; fileRef = 1D7F3B531DB2B6A4005C259E /* inlines.c */; };
		1D7F3B711DB2B6A4005C259E /* inlines.h in Headers */ = {isa = PBXBuildFile; fileRef = 1D7F3B541DB2B6A4005C259E /* inlines.h */; };
		1D7F3B721DB2B6A4005C259E /* iterator.c in Sources */ = {isa = PBXBuildFile; fileRef = 1D7F3B551DB2B6A4005C259E /* iterator.c */; };
		1D7F3B731DB2B6A4005C259E /* iterator.h in Headers */ = {isa = PBXBuildFile; fileRef = 1D7F3B561DB2B6A4005C259E /* iterator.h */; };
		1D7F3B741DB2B6A4005C259E /* latex.c in Sources */ = {isa = PBXBuildFile; fileRef = 1D7F3B571DB2B6A4005C259E /* latex.c */; };
		1D7F3B751DB2B6A4005C259E /* man.c in Sources */ = {isa = PBXBuildFile; fileRef = 1D7F3B581DB2B6A4005C259E /* man.c */; };
		1D7F3B761DB2B6A4005C259E /* node.c in Sources */ = {isa = PBXBuildFile; fileRef = 1D7F3B591DB2B6A4005C259E /* node.c */; };
		1D7F3B771DB2B6A4005C259E /* parser.h in Headers */ = {isa = PBXBuildFile; fileRef = 1D7F3B5A1DB2B6A4005C259E /* parser.h */; };
		1D7F3B781DB2B6A4005C259E /* references.c in Sources */ = {isa = PBXBuildFile; fileRef = 1D7F3B5B1DB2B6A4005C259E /* references.c */; };
		1D7F3B791DB2B6A4005C259E /* references.h in Headers */ = {isa = PBXBuildFile; fileRef = 1D7F3B5C1DB2B6A4005C259E /* references.h */; };
		1D7F3B7A1DB2B6A4005C259E /* render.c in Sources */ = {isa = PBXBuildFile; fileRef = 1D7F3B5D1DB2B6A4005C259E /* render.c */; };
		1D7F3B7B1DB2B6A4005C259E /* render.h in Headers */ = {isa = PBXBuildFile; fileRef = 1D7F3B5E1DB2B6A4005C259E /* render.h */; };
		1D7F3B7C1DB2B6A4005C259E /* scanners.c in Sources */ = {isa = PBXBuildFile; fileRef = 1D7F3B5F1DB2B6A4005C259E /* scanners.c */; };
		1D7F3B7D1DB2B6A4005C259E /* scanners.h in Headers */ = {isa = PBXBuildFile; fileRef = 1D7F3B601DB2B6A4005C259E /* scanners.h */; };
		1D7F3B7E1DB2B6A4005C259E /* utf8.c in Sources */ = {isa = PBXBuildFile; fileRef = 1D7F3B611DB2B6A4005C259E /* utf8.c */; };
		1D7F3B7F1DB2B6A4005C259E /* utf8.h in Headers */ = {isa = PBXBuildFile; fileRef = 1D7F3B621DB2B6A4005C259E /* utf8.h */; };
		1D7F3B801DB2B6A4005C259E /* xml.c in Sources */ = {isa = PBXBuildFile; fileRef = 1D7F3B631DB2B6A4005C259E /* xml.c */; };
		1D7F3B8A1DB2B6C4005C259E /* buffer.h in Headers */ = {isa = PBXBuildFile; fileRef = 1D7F3B811DB2B6C4005C259E /* buffer.h */; };
		1D7F3B8B1DB2B6C4005C259E /* chunk.h in Headers */ = {isa = PBXBuildFile; fileRef = 1D7F3B821DB2B6C4005C259E /* chunk.h */; };
		1D7F3B8C1DB2B6C4005C259E /* cmark_ctype.h in Headers */ = {isa = PBXBuildFile; fileRef = 1D7F3B831DB2B6C4005C259E /* cmark_ctype.h */; };
		1D7F3B8D1DB2B6C4005C259E /* cmark_export.h in Headers */ = {isa = PBXBuildFile; fileRef = 1D7F3B841DB2B6C4005C259E /* cmark_export.h */; };
		1D7F3B8E1DB2B6C4005C259E /* cmark_version.h in Headers */ = {isa = PBXBuildFile; fileRef = 1D7F3B851DB2B6C4005C259E /* cmark_version.h */; };
		1D7F3B8F1DB2B6C4005C259E /* cmark.h in Headers */ = {isa = PBXBuildFile; fileRef = 1D7F3B861DB2B6C4005C259E /* cmark.h */; };
		1D7F3B901DB2B6C4005C259E /* config.h in Headers */ = {isa = PBXBuildFile; fileRef = 1D7F3B871DB2B6C4005C259E /* config.h */; };
		1D7F3B911DB2B6C4005C259E /* libcmark.h in Headers */ = {isa = PBXBuildFile; fileRef = 1D7F3B881DB2B6C4005C259E /* libcmark.h */; };
		1D7F3B921DB2B6C4005C259E /* node.h in Headers */ = {isa = PBXBuildFile; fileRef = 1D7F3B891DB2B6C4005C259E /* node.h */; };
		3F0E44581C4964F600E0405E /* SwiftMarkIOS.h in Headers */ = {isa = PBXBuildFile; fileRef = 3F0E44571C4964F600E0405E /* SwiftMarkIOS.h */; settings = {ATTRIBUTES = (Public, ); }; };
		3F4B51321C11C5130012DB9A /* SwiftMark.h in Headers */ = {isa = PBXBuildFile; fileRef = 3F4B51311C11C5130012DB9A /* SwiftMark.h */; settings = {ATTRIBUTES = (Public, ); }; };
		3F4B51391C11C5130012DB9A /* SwiftMark.framework in Frameworks */ = {isa = PBXBuildFile; fileRef = 3F4B512E1C11C5130012DB9A /* SwiftMark.framework */; };
		3F4B513E1C11C5130012DB9A /* SwiftMarkTests.swift in Sources */ = {isa = PBXBuildFile; fileRef = 3F4B513D1C11C5130012DB9A /* SwiftMarkTests.swift */; };
/* End PBXBuildFile section */

/* Begin PBXContainerItemProxy section */
		3F4B513A1C11C5130012DB9A /* PBXContainerItemProxy */ = {
			isa = PBXContainerItemProxy;
			containerPortal = 3F4B51251C11C5130012DB9A /* Project object */;
			proxyType = 1;
			remoteGlobalIDString = 3F4B512D1C11C5130012DB9A;
			remoteInfo = SwiftMark;
		};
/* End PBXContainerItemProxy section */

/* Begin PBXFileReference section */
		1D42BC531DB2AAA900F61ACA /* SwiftMark.swift */ = {isa = PBXFileReference; fileEncoding = 4; lastKnownFileType = sourcecode.swift; path = SwiftMark.swift; sourceTree = "<group>"; };
		1D42BC541DB2AAA900F61ACA /* SwiftMarkConvertToHTMLOperation.swift */ = {isa = PBXFileReference; fileEncoding = 4; lastKnownFileType = sourcecode.swift; path = SwiftMarkConvertToHTMLOperation.swift; sourceTree = "<group>"; };
		1D42BC551DB2AAA900F61ACA /* SwiftMarkConvertToXMLOperation.swift */ = {isa = PBXFileReference; fileEncoding = 4; lastKnownFileType = sourcecode.swift; path = SwiftMarkConvertToXMLOperation.swift; sourceTree = "<group>"; };
		1D42BC561DB2AAA900F61ACA /* SwiftMarkError.swift */ = {isa = PBXFileReference; fileEncoding = 4; lastKnownFileType = sourcecode.swift; path = SwiftMarkError.swift; sourceTree = "<group>"; };
		1D42BC571DB2AAA900F61ACA /* SwiftMarkNode.swift */ = {isa = PBXFileReference; fileEncoding = 4; lastKnownFileType = sourcecode.swift; path = SwiftMarkNode.swift; sourceTree = "<group>"; };
		1D42BC581DB2AAA900F61ACA /* SwiftMarkOperation.swift */ = {isa = PBXFileReference; fileEncoding = 4; lastKnownFileType = sourcecode.swift; path = SwiftMarkOperation.swift; sourceTree = "<group>"; };
		1D42BC591DB2AAA900F61ACA /* SwiftMarkOption.swift */ = {isa = PBXFileReference; fileEncoding = 4; lastKnownFileType = sourcecode.swift; path = SwiftMarkOption.swift; sourceTree = "<group>"; };
		1D7F3B451DB2B1A7005C259E /* module.map */ = {isa = PBXFileReference; fileEncoding = 4; lastKnownFileType = "sourcecode.module-map"; path = module.map; sourceTree = "<group>"; };
		1D7F3B471DB2B6A4005C259E /* blocks.c */ = {isa = PBXFileReference; fileEncoding = 4; lastKnownFileType = sourcecode.c.c; path = blocks.c; sourceTree = "<group>"; };
		1D7F3B481DB2B6A4005C259E /* buffer.c */ = {isa = PBXFileReference; fileEncoding = 4; lastKnownFileType = sourcecode.c.c; path = buffer.c; sourceTree = "<group>"; };
		1D7F3B491DB2B6A4005C259E /* case_fold_switch.inc */ = {isa = PBXFileReference; fileEncoding = 4; lastKnownFileType = sourcecode.pascal; path = case_fold_switch.inc; sourceTree = "<group>"; };
		1D7F3B4A1DB2B6A4005C259E /* cmark_ctype.c */ = {isa = PBXFileReference; fileEncoding = 4; lastKnownFileType = sourcecode.c.c; path = cmark_ctype.c; sourceTree = "<group>"; };
		1D7F3B4B1DB2B6A4005C259E /* cmark.c */ = {isa = PBXFileReference; fileEncoding = 4; lastKnownFileType = sourcecode.c.c; path = cmark.c; sourceTree = "<group>"; };
		1D7F3B4C1DB2B6A4005C259E /* commonmark.c */ = {isa = PBXFileReference; fileEncoding = 4; lastKnownFileType = sourcecode.c.c; path = commonmark.c; sourceTree = "<group>"; };
		1D7F3B4D1DB2B6A4005C259E /* entities.inc */ = {isa = PBXFileReference; fileEncoding = 4; lastKnownFileType = sourcecode.pascal; path = entities.inc; sourceTree = "<group>"; };
		1D7F3B4E1DB2B6A4005C259E /* houdini_href_e.c */ = {isa = PBXFileReference; fileEncoding = 4; lastKnownFileType = sourcecode.c.c; path = houdini_href_e.c; sourceTree = "<group>"; };
		1D7F3B4F1DB2B6A4005C259E /* houdini_html_e.c */ = {isa = PBXFileReference; fileEncoding = 4; lastKnownFileType = sourcecode.c.c; path = houdini_html_e.c; sourceTree = "<group>"; };
		1D7F3B501DB2B6A4005C259E /* houdini_html_u.c */ = {isa = PBXFileReference; fileEncoding = 4; lastKnownFileType = sourcecode.c.c; path = houdini_html_u.c; sourceTree = "<group>"; };
		1D7F3B511DB2B6A4005C259E /* houdini.h */ = {isa = PBXFileReference; fileEncoding = 4; lastKnownFileType = sourcecode.c.h; path = houdini.h; sourceTree = "<group>"; };
		1D7F3B521DB2B6A4005C259E /* html.c */ = {isa = PBXFileReference; fileEncoding = 4; lastKnownFileType = sourcecode.c.c; path = html.c; sourceTree = "<group>"; };
		1D7F3B531DB2B6A4005C259E /* inlines.c */ = {isa = PBXFileReference; fileEncoding = 4; lastKnownFileType = sourcecode.c.c; path = inlines.c; sourceTree = "<group>"; };
		1D7F3B541DB2B6A4005C259E /* inlines.h */ = {isa = PBXFileReference; fileEncoding = 4; lastKnownFileType = sourcecode.c.h; path = inlines.h; sourceTree = "<group>"; };
		1D7F3B551DB2B6A4005C259E /* iterator.c */ = {isa = PBXFileReference; fileEncoding = 4; lastKnownFileType = sourcecode.c.c; path = iterator.c; sourceTree = "<group>"; };
		1D7F3B561DB2B6A4005C259E /* iterator.h */ = {isa = PBXFileReference; fileEncoding = 4; lastKnownFileType = sourcecode.c.h; path = iterator.h; sourceTree = "<group>"; };
		1D7F3B571DB2B6A4005C259E /* latex.c */ = {isa = PBXFileReference; fileEncoding = 4; lastKnownFileType = sourcecode.c.c; path = latex.c; sourceTree = "<group>"; };
		1D7F3B581DB2B6A4005C259E /* man.c */ = {isa = PBXFileReference; fileEncoding = 4; lastKnownFileType = sourcecode.c.c; path = man.c; sourceTree = "<group>"; };
		1D7F3B591DB2B6A4005C259E /* node.c */ = {isa = PBXFileReference; fileEncoding = 4; lastKnownFileType = sourcecode.c.c; path = node.c; sourceTree = "<group>"; };
		1D7F3B5A1DB2B6A4005C259E /* parser.h */ = {isa = PBXFileReference; fileEncoding = 4; lastKnownFileType = sourcecode.c.h; path = parser.h; sourceTree = "<group>"; };
		1D7F3B5B1DB2B6A4005C259E /* references.c */ = {isa = PBXFileReference; fileEncoding = 4; lastKnownFileType = sourcecode.c.c; path = references.c; sourceTree = "<group>"; };
		1D7F3B5C1DB2B6A4005C259E /* references.h */ = {isa = PBXFileReference; fileEncoding = 4; lastKnownFileType = sourcecode.c.h; path = references.h; sourceTree = "<group>"; };
		1D7F3B5D1DB2B6A4005C259E /* render.c */ = {isa = PBXFileReference; fileEncoding = 4; lastKnownFileType = sourcecode.c.c; path = render.c; sourceTree = "<group>"; };
		1D7F3B5E1DB2B6A4005C259E /* render.h */ = {isa = PBXFileReference; fileEncoding = 4; lastKnownFileType = sourcecode.c.h; path = render.h; sourceTree = "<group>"; };
		1D7F3B5F1DB2B6A4005C259E /* scanners.c */ = {isa = PBXFileReference; fileEncoding = 4; lastKnownFileType = sourcecode.c.c; path = scanners.c; sourceTree = "<group>"; };
		1D7F3B601DB2B6A4005C259E /* scanners.h */ = {isa = PBXFileReference; fileEncoding = 4; lastKnownFileType = sourcecode.c.h; path = scanners.h; sourceTree = "<group>"; };
		1D7F3B611DB2B6A4005C259E /* utf8.c */ = {isa = PBXFileReference; fileEncoding = 4; lastKnownFileType = sourcecode.c.c; path = utf8.c; sourceTree = "<group>"; };
		1D7F3B621DB2B6A4005C259E /* utf8.h */ = {isa = PBXFileReference; fileEncoding = 4; lastKnownFileType = sourcecode.c.h; path = utf8.h; sourceTree = "<group>"; };
		1D7F3B631DB2B6A4005C259E /* xml.c */ = {isa = PBXFileReference; fileEncoding = 4; lastKnownFileType = sourcecode.c.c; path = xml.c; sourceTree = "<group>"; };
		1D7F3B811DB2B6C4005C259E /* buffer.h */ = {isa = PBXFileReference; fileEncoding = 4; lastKnownFileType = sourcecode.c.h; path = buffer.h; sourceTree = "<group>"; };
		1D7F3B821DB2B6C4005C259E /* chunk.h */ = {isa = PBXFileReference; fileEncoding = 4; lastKnownFileType = sourcecode.c.h; path = chunk.h; sourceTree = "<group>"; };
		1D7F3B831DB2B6C4005C259E /* cmark_ctype.h */ = {isa = PBXFileReference; fileEncoding = 4; lastKnownFileType = sourcecode.c.h; path = cmark_ctype.h; sourceTree = "<group>"; };
		1D7F3B841DB2B6C4005C259E /* cmark_export.h */ = {isa = PBXFileReference; fileEncoding = 4; lastKnownFileType = sourcecode.c.h; path = cmark_export.h; sourceTree = "<group>"; };
		1D7F3B851DB2B6C4005C259E /* cmark_version.h */ = {isa = PBXFileReference; fileEncoding = 4; lastKnownFileType = sourcecode.c.h; path = cmark_version.h; sourceTree = "<group>"; };
		1D7F3B861DB2B6C4005C259E /* cmark.h */ = {isa = PBXFileReference; fileEncoding = 4; lastKnownFileType = sourcecode.c.h; path = cmark.h; sourceTree = "<group>"; };
		1D7F3B871DB2B6C4005C259E /* config.h */ = {isa = PBXFileReference; fileEncoding = 4; lastKnownFileType = sourcecode.c.h; path = config.h; sourceTree = "<group>"; };
		1D7F3B881DB2B6C4005C259E /* libcmark.h */ = {isa = PBXFileReference; fileEncoding = 4; lastKnownFileType = sourcecode.c.h; path = libcmark.h; sourceTree = "<group>"; };
		1D7F3B891DB2B6C4005C259E /* node.h */ = {isa = PBXFileReference; fileEncoding = 4; lastKnownFileType = sourcecode.c.h; path = node.h; sourceTree = "<group>"; };
		3F0E44551C4964F600E0405E /* SwiftMark.framework */ = {isa = PBXFileReference; explicitFileType = wrapper.framework; includeInIndex = 0; path = SwiftMark.framework; sourceTree = BUILT_PRODUCTS_DIR; };
		3F0E44571C4964F600E0405E /* SwiftMarkIOS.h */ = {isa = PBXFileReference; lastKnownFileType = sourcecode.c.h; path = SwiftMarkIOS.h; sourceTree = "<group>"; };
		3F0E44591C4964F600E0405E /* Info.plist */ = {isa = PBXFileReference; lastKnownFileType = text.plist.xml; path = Info.plist; sourceTree = "<group>"; };
		3F4B512E1C11C5130012DB9A /* SwiftMark.framework */ = {isa = PBXFileReference; explicitFileType = wrapper.framework; includeInIndex = 0; path = SwiftMark.framework; sourceTree = BUILT_PRODUCTS_DIR; };
		3F4B51311C11C5130012DB9A /* SwiftMark.h */ = {isa = PBXFileReference; lastKnownFileType = sourcecode.c.h; path = SwiftMark.h; sourceTree = "<group>"; };
		3F4B51331C11C5130012DB9A /* Info.plist */ = {isa = PBXFileReference; lastKnownFileType = text.plist.xml; path = Info.plist; sourceTree = "<group>"; };
		3F4B51381C11C5130012DB9A /* SwiftMarkTests.xctest */ = {isa = PBXFileReference; explicitFileType = wrapper.cfbundle; includeInIndex = 0; path = SwiftMarkTests.xctest; sourceTree = BUILT_PRODUCTS_DIR; };
		3F4B513D1C11C5130012DB9A /* SwiftMarkTests.swift */ = {isa = PBXFileReference; lastKnownFileType = sourcecode.swift; path = SwiftMarkTests.swift; sourceTree = "<group>"; };
		3F4B513F1C11C5130012DB9A /* Info.plist */ = {isa = PBXFileReference; lastKnownFileType = text.plist.xml; path = Info.plist; sourceTree = "<group>"; };
		3F6178121C48C92F007FA2A0 /* NSAttributedStringExtension.swift */ = {isa = PBXFileReference; fileEncoding = 4; lastKnownFileType = sourcecode.swift; name = NSAttributedStringExtension.swift; path = ../../Sources/Extensions/NSAttributedStringExtension.swift; sourceTree = "<group>"; };
/* End PBXFileReference section */

/* Begin PBXFrameworksBuildPhase section */
		3F0E44511C4964F600E0405E /* Frameworks */ = {
			isa = PBXFrameworksBuildPhase;
			buildActionMask = 2147483647;
			files = (
			);
			runOnlyForDeploymentPostprocessing = 0;
		};
		3F4B512A1C11C5130012DB9A /* Frameworks */ = {
			isa = PBXFrameworksBuildPhase;
			buildActionMask = 2147483647;
			files = (
			);
			runOnlyForDeploymentPostprocessing = 0;
		};
		3F4B51351C11C5130012DB9A /* Frameworks */ = {
			isa = PBXFrameworksBuildPhase;
			buildActionMask = 2147483647;
			files = (
				3F4B51391C11C5130012DB9A /* SwiftMark.framework in Frameworks */,
			);
			runOnlyForDeploymentPostprocessing = 0;
		};
/* End PBXFrameworksBuildPhase section */

/* Begin PBXGroup section */
		1D7F3B461DB2B671005C259E /* libcmark */ = {
			isa = PBXGroup;
			children = (
				1D7F3B811DB2B6C4005C259E /* buffer.h */,
				1D7F3B821DB2B6C4005C259E /* chunk.h */,
				1D7F3B831DB2B6C4005C259E /* cmark_ctype.h */,
				1D7F3B841DB2B6C4005C259E /* cmark_export.h */,
				1D7F3B851DB2B6C4005C259E /* cmark_version.h */,
				1D7F3B861DB2B6C4005C259E /* cmark.h */,
				1D7F3B871DB2B6C4005C259E /* config.h */,
				1D7F3B881DB2B6C4005C259E /* libcmark.h */,
				1D7F3B891DB2B6C4005C259E /* node.h */,
				1D7F3B471DB2B6A4005C259E /* blocks.c */,
				1D7F3B481DB2B6A4005C259E /* buffer.c */,
				1D7F3B491DB2B6A4005C259E /* case_fold_switch.inc */,
				1D7F3B4A1DB2B6A4005C259E /* cmark_ctype.c */,
				1D7F3B4B1DB2B6A4005C259E /* cmark.c */,
				1D7F3B4C1DB2B6A4005C259E /* commonmark.c */,
				1D7F3B4D1DB2B6A4005C259E /* entities.inc */,
				1D7F3B4E1DB2B6A4005C259E /* houdini_href_e.c */,
				1D7F3B4F1DB2B6A4005C259E /* houdini_html_e.c */,
				1D7F3B501DB2B6A4005C259E /* houdini_html_u.c */,
				1D7F3B511DB2B6A4005C259E /* houdini.h */,
				1D7F3B521DB2B6A4005C259E /* html.c */,
				1D7F3B531DB2B6A4005C259E /* inlines.c */,
				1D7F3B541DB2B6A4005C259E /* inlines.h */,
				1D7F3B551DB2B6A4005C259E /* iterator.c */,
				1D7F3B561DB2B6A4005C259E /* iterator.h */,
				1D7F3B571DB2B6A4005C259E /* latex.c */,
				1D7F3B581DB2B6A4005C259E /* man.c */,
				1D7F3B591DB2B6A4005C259E /* node.c */,
				1D7F3B5A1DB2B6A4005C259E /* parser.h */,
				1D7F3B5B1DB2B6A4005C259E /* references.c */,
				1D7F3B5C1DB2B6A4005C259E /* references.h */,
				1D7F3B5D1DB2B6A4005C259E /* render.c */,
				1D7F3B5E1DB2B6A4005C259E /* render.h */,
				1D7F3B5F1DB2B6A4005C259E /* scanners.c */,
				1D7F3B601DB2B6A4005C259E /* scanners.h */,
				1D7F3B611DB2B6A4005C259E /* utf8.c */,
				1D7F3B621DB2B6A4005C259E /* utf8.h */,
				1D7F3B631DB2B6A4005C259E /* xml.c */,
			);
			name = libcmark;
			sourceTree = "<group>";
		};
		3F0E44561C4964F600E0405E /* SwiftMarkIOS */ = {
			isa = PBXGroup;
			children = (
				3F0E44571C4964F600E0405E /* SwiftMarkIOS.h */,
				3F0E44591C4964F600E0405E /* Info.plist */,
			);
			path = SwiftMarkIOS;
			sourceTree = "<group>";
		};
		3F4B51241C11C5130012DB9A = {
			isa = PBXGroup;
			children = (
				3F5D17011C52D3A7003C4273 /* Common */,
				3F4B51301C11C5130012DB9A /* SwiftMarkOSX */,
				3F0E44561C4964F600E0405E /* SwiftMarkIOS */,
				3F4B513C1C11C5130012DB9A /* SwiftMarkTests */,
				3F4B512F1C11C5130012DB9A /* Products */,
			);
			sourceTree = "<group>";
		};
		3F4B512F1C11C5130012DB9A /* Products */ = {
			isa = PBXGroup;
			children = (
				3F4B512E1C11C5130012DB9A /* SwiftMark.framework */,
				3F4B51381C11C5130012DB9A /* SwiftMarkTests.xctest */,
				3F0E44551C4964F600E0405E /* SwiftMark.framework */,
			);
			name = Products;
			sourceTree = "<group>";
		};
		3F4B51301C11C5130012DB9A /* SwiftMarkOSX */ = {
			isa = PBXGroup;
			children = (
				3F6178141C48CADB007FA2A0 /* Extensions */,
				3F4B51311C11C5130012DB9A /* SwiftMark.h */,
				3F4B51331C11C5130012DB9A /* Info.plist */,
			);
			name = SwiftMarkOSX;
			path = SwiftMark;
			sourceTree = "<group>";
		};
		3F4B513C1C11C5130012DB9A /* SwiftMarkTests */ = {
			isa = PBXGroup;
			children = (
				3F4B513D1C11C5130012DB9A /* SwiftMarkTests.swift */,
				3F4B513F1C11C5130012DB9A /* Info.plist */,
			);
			path = SwiftMarkTests;
			sourceTree = "<group>";
		};
		3F5D17011C52D3A7003C4273 /* Common */ = {
			isa = PBXGroup;
			children = (
				1D7F3B461DB2B671005C259E /* libcmark */,
				1D7F3B451DB2B1A7005C259E /* module.map */,
				1D42BC531DB2AAA900F61ACA /* SwiftMark.swift */,
				1D42BC541DB2AAA900F61ACA /* SwiftMarkConvertToHTMLOperation.swift */,
				1D42BC551DB2AAA900F61ACA /* SwiftMarkConvertToXMLOperation.swift */,
				1D42BC561DB2AAA900F61ACA /* SwiftMarkError.swift */,
				1D42BC571DB2AAA900F61ACA /* SwiftMarkNode.swift */,
				1D42BC581DB2AAA900F61ACA /* SwiftMarkOperation.swift */,
				1D42BC591DB2AAA900F61ACA /* SwiftMarkOption.swift */,
			);
			name = Common;
			path = SwiftMark;
			sourceTree = "<group>";
		};
		3F6178141C48CADB007FA2A0 /* Extensions */ = {
			isa = PBXGroup;
			children = (
				3F6178121C48C92F007FA2A0 /* NSAttributedStringExtension.swift */,
			);
			name = Extensions;
			sourceTree = "<group>";
		};
/* End PBXGroup section */

/* Begin PBXHeadersBuildPhase section */
		3F0E44521C4964F600E0405E /* Headers */ = {
			isa = PBXHeadersBuildPhase;
			buildActionMask = 2147483647;
			files = (
				3F0E44581C4964F600E0405E /* SwiftMarkIOS.h in Headers */,
			);
			runOnlyForDeploymentPostprocessing = 0;
		};
		3F4B512B1C11C5130012DB9A /* Headers */ = {
			isa = PBXHeadersBuildPhase;
			buildActionMask = 2147483647;
			files = (
				3F4B51321C11C5130012DB9A /* SwiftMark.h in Headers */,
				1D7F3B6E1DB2B6A4005C259E /* houdini.h in Headers */,
				1D7F3B731DB2B6A4005C259E /* iterator.h in Headers */,
				1D7F3B8F1DB2B6C4005C259E /* cmark.h in Headers */,
				1D7F3B901DB2B6C4005C259E /* config.h in Headers */,
				1D7F3B771DB2B6A4005C259E /* parser.h in Headers */,
				1D7F3B921DB2B6C4005C259E /* node.h in Headers */,
				1D7F3B7B1DB2B6A4005C259E /* render.h in Headers */,
				1D7F3B7D1DB2B6A4005C259E /* scanners.h in Headers */,
				1D7F3B791DB2B6A4005C259E /* references.h in Headers */,
				1D7F3B911DB2B6C4005C259E /* libcmark.h in Headers */,
				1D7F3B8D1DB2B6C4005C259E /* cmark_export.h in Headers */,
				1D7F3B8E1DB2B6C4005C259E /* cmark_version.h in Headers */,
				1D7F3B8B1DB2B6C4005C259E /* chunk.h in Headers */,
				1D7F3B7F1DB2B6A4005C259E /* utf8.h in Headers */,
				1D7F3B8C1DB2B6C4005C259E /* cmark_ctype.h in Headers */,
				1D7F3B8A1DB2B6C4005C259E /* buffer.h in Headers */,
				1D7F3B711DB2B6A4005C259E /* inlines.h in Headers */,
			);
			runOnlyForDeploymentPostprocessing = 0;
		};
/* End PBXHeadersBuildPhase section */

/* Begin PBXNativeTarget section */
		3F0E44541C4964F600E0405E /* SwiftMarkIOS */ = {
			isa = PBXNativeTarget;
			buildConfigurationList = 3F0E445A1C4964F600E0405E /* Build configuration list for PBXNativeTarget "SwiftMarkIOS" */;
			buildPhases = (
				3F0E44501C4964F600E0405E /* Sources */,
				3F0E44511C4964F600E0405E /* Frameworks */,
				3F0E44521C4964F600E0405E /* Headers */,
				3F0E44531C4964F600E0405E /* Resources */,
			);
			buildRules = (
			);
			dependencies = (
			);
			name = SwiftMarkIOS;
			productName = SwiftMarkIOS;
			productReference = 3F0E44551C4964F600E0405E /* SwiftMark.framework */;
			productType = "com.apple.product-type.framework";
		};
		3F4B512D1C11C5130012DB9A /* SwiftMarkOSX */ = {
			isa = PBXNativeTarget;
			buildConfigurationList = 3F4B51421C11C5130012DB9A /* Build configuration list for PBXNativeTarget "SwiftMarkOSX" */;
			buildPhases = (
				3F4B51291C11C5130012DB9A /* Sources */,
				3F4B512A1C11C5130012DB9A /* Frameworks */,
				3F4B512B1C11C5130012DB9A /* Headers */,
				3F4B512C1C11C5130012DB9A /* Resources */,
			);
			buildRules = (
			);
			dependencies = (
			);
			name = SwiftMarkOSX;
			productName = SwiftMark;
			productReference = 3F4B512E1C11C5130012DB9A /* SwiftMark.framework */;
			productType = "com.apple.product-type.framework";
		};
		3F4B51371C11C5130012DB9A /* SwiftMarkTests */ = {
			isa = PBXNativeTarget;
			buildConfigurationList = 3F4B51451C11C5130012DB9A /* Build configuration list for PBXNativeTarget "SwiftMarkTests" */;
			buildPhases = (
				3F4B51341C11C5130012DB9A /* Sources */,
				3F4B51351C11C5130012DB9A /* Frameworks */,
				3F4B51361C11C5130012DB9A /* Resources */,
			);
			buildRules = (
			);
			dependencies = (
				3F4B513B1C11C5130012DB9A /* PBXTargetDependency */,
			);
			name = SwiftMarkTests;
			productName = SwiftMarkTests;
			productReference = 3F4B51381C11C5130012DB9A /* SwiftMarkTests.xctest */;
			productType = "com.apple.product-type.bundle.unit-test";
		};
/* End PBXNativeTarget section */

/* Begin PBXProject section */
		3F4B51251C11C5130012DB9A /* Project object */ = {
			isa = PBXProject;
			attributes = {
				LastSwiftUpdateCheck = 0720;
				LastUpgradeCheck = 0920;
				ORGANIZATIONNAME = "Pierre TACCHI";
				TargetAttributes = {
					3F0E44541C4964F600E0405E = {
						CreatedOnToolsVersion = 7.2;
						LastSwiftMigration = 0800;
					};
					3F4B512D1C11C5130012DB9A = {
						CreatedOnToolsVersion = 7.1.1;
						LastSwiftMigration = 0920;
					};
					3F4B51371C11C5130012DB9A = {
						CreatedOnToolsVersion = 7.1.1;
						LastSwiftMigration = 0800;
					};
				};
			};
			buildConfigurationList = 3F4B51281C11C5130012DB9A /* Build configuration list for PBXProject "SwiftMark" */;
			compatibilityVersion = "Xcode 6.3";
			developmentRegion = English;
			hasScannedForEncodings = 0;
			knownRegions = (
				en,
				Base,
			);
			mainGroup = 3F4B51241C11C5130012DB9A;
			productRefGroup = 3F4B512F1C11C5130012DB9A /* Products */;
			projectDirPath = "";
			projectRoot = "";
			targets = (
				3F4B512D1C11C5130012DB9A /* SwiftMarkOSX */,
				3F0E44541C4964F600E0405E /* SwiftMarkIOS */,
				3F4B51371C11C5130012DB9A /* SwiftMarkTests */,
			);
		};
/* End PBXProject section */

/* Begin PBXResourcesBuildPhase section */
		3F0E44531C4964F600E0405E /* Resources */ = {
			isa = PBXResourcesBuildPhase;
			buildActionMask = 2147483647;
			files = (
			);
			runOnlyForDeploymentPostprocessing = 0;
		};
		3F4B512C1C11C5130012DB9A /* Resources */ = {
			isa = PBXResourcesBuildPhase;
			buildActionMask = 2147483647;
			files = (
			);
			runOnlyForDeploymentPostprocessing = 0;
		};
		3F4B51361C11C5130012DB9A /* Resources */ = {
			isa = PBXResourcesBuildPhase;
			buildActionMask = 2147483647;
			files = (
			);
			runOnlyForDeploymentPostprocessing = 0;
		};
/* End PBXResourcesBuildPhase section */

/* Begin PBXSourcesBuildPhase section */
		3F0E44501C4964F600E0405E /* Sources */ = {
			isa = PBXSourcesBuildPhase;
			buildActionMask = 2147483647;
			files = (
				0458725F201AC156000D4EB9 /* case_fold_switch.inc in Sources */,
				04587260201AC156000D4EB9 /* entities.inc in Sources */,
				04587245201ABEC5000D4EB9 /* blocks.c in Sources */,
				04587246201ABEC5000D4EB9 /* buffer.c in Sources */,
				04587247201ABEC5000D4EB9 /* cmark_ctype.c in Sources */,
				04587248201ABEC5000D4EB9 /* cmark.c in Sources */,
				04587249201ABEC5000D4EB9 /* commonmark.c in Sources */,
				0458724A201ABEC5000D4EB9 /* houdini_href_e.c in Sources */,
				0458724B201ABEC5000D4EB9 /* houdini_html_e.c in Sources */,
				0458724C201ABEC5000D4EB9 /* houdini_html_u.c in Sources */,
				0458724D201ABEC5000D4EB9 /* html.c in Sources */,
				0458724E201ABEC5000D4EB9 /* inlines.c in Sources */,
				0458724F201ABEC5000D4EB9 /* iterator.c in Sources */,
				04587250201ABEC5000D4EB9 /* latex.c in Sources */,
				04587251201ABEC5000D4EB9 /* man.c in Sources */,
				04587252201ABEC5000D4EB9 /* node.c in Sources */,
				04587253201ABEC5000D4EB9 /* references.c in Sources */,
				04587254201ABEC5000D4EB9 /* render.c in Sources */,
				04587255201ABEC5000D4EB9 /* scanners.c in Sources */,
				04587256201ABEC5000D4EB9 /* utf8.c in Sources */,
				04587257201ABEC5000D4EB9 /* xml.c in Sources */,
				04587258201ABEC5000D4EB9 /* SwiftMark.swift in Sources */,
				04587259201ABEC5000D4EB9 /* SwiftMarkConvertToHTMLOperation.swift in Sources */,
				0458725A201ABEC5000D4EB9 /* SwiftMarkConvertToXMLOperation.swift in Sources */,
				0458725B201ABEC5000D4EB9 /* SwiftMarkError.swift in Sources */,
				0458725C201ABEC5000D4EB9 /* SwiftMarkNode.swift in Sources */,
				0458725D201ABEC5000D4EB9 /* SwiftMarkOperation.swift in Sources */,
				0458725E201ABEC5000D4EB9 /* SwiftMarkOption.swift in Sources */,
			);
			runOnlyForDeploymentPostprocessing = 0;
		};
		3F4B51291C11C5130012DB9A /* Sources */ = {
			isa = PBXSourcesBuildPhase;
			buildActionMask = 2147483647;
			files = (
				1D7F3B671DB2B6A4005C259E /* cmark_ctype.c in Sources */,
				1D7F3B721DB2B6A4005C259E /* iterator.c in Sources */,
				1D7F3B6D1DB2B6A4005C259E /* houdini_html_u.c in Sources */,
				1D7F3B691DB2B6A4005C259E /* commonmark.c in Sources */,
				1D7F3B641DB2B6A4005C259E /* blocks.c in Sources */,
				1D7F3B761DB2B6A4005C259E /* node.c in Sources */,
				1D7F3B321DB2ADE2005C259E /* NSAttributedStringExtension.swift in Sources */,
				1D7F3B2B1DB2AD63005C259E /* SwiftMark.swift in Sources */,
				1D7F3B751DB2B6A4005C259E /* man.c in Sources */,
				1D7F3B651DB2B6A4005C259E /* buffer.c in Sources */,
				1D7F3B7C1DB2B6A4005C259E /* scanners.c in Sources */,
				1D7F3B2C1DB2AD63005C259E /* SwiftMarkConvertToHTMLOperation.swift in Sources */,
				1D7F3B2D1DB2AD63005C259E /* SwiftMarkConvertToXMLOperation.swift in Sources */,
				1D7F3B661DB2B6A4005C259E /* case_fold_switch.inc in Sources */,
				1D7F3B6B1DB2B6A4005C259E /* houdini_href_e.c in Sources */,
				1D7F3B2E1DB2AD63005C259E /* SwiftMarkError.swift in Sources */,
				1D7F3B2F1DB2AD63005C259E /* SwiftMarkNode.swift in Sources */,
				1D7F3B801DB2B6A4005C259E /* xml.c in Sources */,
				1D7F3B741DB2B6A4005C259E /* latex.c in Sources */,
				1D7F3B301DB2AD63005C259E /* SwiftMarkOperation.swift in Sources */,
				1D7F3B6A1DB2B6A4005C259E /* entities.inc in Sources */,
				1D7F3B6C1DB2B6A4005C259E /* houdini_html_e.c in Sources */,
				1D7F3B701DB2B6A4005C259E /* inlines.c in Sources */,
				1D7F3B311DB2AD63005C259E /* SwiftMarkOption.swift in Sources */,
				1D7F3B781DB2B6A4005C259E /* references.c in Sources */,
				1D7F3B6F1DB2B6A4005C259E /* html.c in Sources */,
				1D7F3B681DB2B6A4005C259E /* cmark.c in Sources */,
				1D7F3B7E1DB2B6A4005C259E /* utf8.c in Sources */,
				1D7F3B7A1DB2B6A4005C259E /* render.c in Sources */,
			);
			runOnlyForDeploymentPostprocessing = 0;
		};
		3F4B51341C11C5130012DB9A /* Sources */ = {
			isa = PBXSourcesBuildPhase;
			buildActionMask = 2147483647;
			files = (
				3F4B513E1C11C5130012DB9A /* SwiftMarkTests.swift in Sources */,
			);
			runOnlyForDeploymentPostprocessing = 0;
		};
/* End PBXSourcesBuildPhase section */

/* Begin PBXTargetDependency section */
		3F4B513B1C11C5130012DB9A /* PBXTargetDependency */ = {
			isa = PBXTargetDependency;
			target = 3F4B512D1C11C5130012DB9A /* SwiftMarkOSX */;
			targetProxy = 3F4B513A1C11C5130012DB9A /* PBXContainerItemProxy */;
		};
/* End PBXTargetDependency section */

/* Begin XCBuildConfiguration section */
		3F0E445B1C4964F600E0405E /* Debug */ = {
			isa = XCBuildConfiguration;
			buildSettings = {
				"CODE_SIGN_IDENTITY[sdk=iphoneos*]" = "";
				DEFINES_MODULE = YES;
				DYLIB_COMPATIBILITY_VERSION = 1;
				DYLIB_CURRENT_VERSION = 1;
				DYLIB_INSTALL_NAME_BASE = "@rpath";
				INFOPLIST_FILE = SwiftMarkIOS/Info.plist;
				INSTALL_PATH = "$(LOCAL_LIBRARY_DIR)/Frameworks";
				IPHONEOS_DEPLOYMENT_TARGET = 8.0;
				LD_RUNPATH_SEARCH_PATHS = "$(inherited) @executable_path/Frameworks @loader_path/Frameworks";
				PRODUCT_BUNDLE_IDENTIFIER = com.pyrolyse.SwiftMarkIOS;
				PRODUCT_NAME = SwiftMark;
				SDKROOT = iphoneos;
				SKIP_INSTALL = YES;
				SWIFT_INCLUDE_PATHS = "${SRCROOT}/../Sources/**";
				SWIFT_VERSION = 4.0;
				TARGETED_DEVICE_FAMILY = "1,2";
			};
			name = Debug;
		};
		3F0E445C1C4964F600E0405E /* Release */ = {
			isa = XCBuildConfiguration;
			buildSettings = {
				"CODE_SIGN_IDENTITY[sdk=iphoneos*]" = "";
				DEFINES_MODULE = YES;
				DYLIB_COMPATIBILITY_VERSION = 1;
				DYLIB_CURRENT_VERSION = 1;
				DYLIB_INSTALL_NAME_BASE = "@rpath";
				INFOPLIST_FILE = SwiftMarkIOS/Info.plist;
				INSTALL_PATH = "$(LOCAL_LIBRARY_DIR)/Frameworks";
				IPHONEOS_DEPLOYMENT_TARGET = 8.0;
				LD_RUNPATH_SEARCH_PATHS = "$(inherited) @executable_path/Frameworks @loader_path/Frameworks";
				PRODUCT_BUNDLE_IDENTIFIER = com.pyrolyse.SwiftMarkIOS;
				PRODUCT_NAME = SwiftMark;
				SDKROOT = iphoneos;
				SKIP_INSTALL = YES;
				SWIFT_INCLUDE_PATHS = "${SRCROOT}/../Sources/**";
				SWIFT_VERSION = 4.0;
				TARGETED_DEVICE_FAMILY = "1,2";
				VALIDATE_PRODUCT = YES;
			};
			name = Release;
		};
		3F4B51401C11C5130012DB9A /* Debug */ = {
			isa = XCBuildConfiguration;
			buildSettings = {
				ALWAYS_SEARCH_USER_PATHS = NO;
				CLANG_CXX_LANGUAGE_STANDARD = "gnu++0x";
				CLANG_CXX_LIBRARY = "libc++";
				CLANG_ENABLE_MODULES = YES;
				CLANG_ENABLE_OBJC_ARC = YES;
				CLANG_WARN_BLOCK_CAPTURE_AUTORELEASING = YES;
				CLANG_WARN_BOOL_CONVERSION = YES;
				CLANG_WARN_COMMA = YES;
				CLANG_WARN_CONSTANT_CONVERSION = YES;
				CLANG_WARN_DIRECT_OBJC_ISA_USAGE = YES_ERROR;
				CLANG_WARN_EMPTY_BODY = YES;
				CLANG_WARN_ENUM_CONVERSION = YES;
				CLANG_WARN_INFINITE_RECURSION = YES;
				CLANG_WARN_INT_CONVERSION = YES;
				CLANG_WARN_NON_LITERAL_NULL_CONVERSION = YES;
				CLANG_WARN_OBJC_LITERAL_CONVERSION = YES;
				CLANG_WARN_OBJC_ROOT_CLASS = YES_ERROR;
				CLANG_WARN_RANGE_LOOP_ANALYSIS = YES;
				CLANG_WARN_STRICT_PROTOTYPES = YES;
				CLANG_WARN_SUSPICIOUS_MOVE = YES;
				CLANG_WARN_UNREACHABLE_CODE = YES;
				CLANG_WARN__DUPLICATE_METHOD_MATCH = YES;
				CODE_SIGN_IDENTITY = "-";
				COPY_PHASE_STRIP = NO;
				CURRENT_PROJECT_VERSION = 1;
				DEBUG_INFORMATION_FORMAT = dwarf;
				ENABLE_STRICT_OBJC_MSGSEND = YES;
				ENABLE_TESTABILITY = YES;
				GCC_C_LANGUAGE_STANDARD = gnu99;
				GCC_DYNAMIC_NO_PIC = NO;
				GCC_NO_COMMON_BLOCKS = YES;
				GCC_OPTIMIZATION_LEVEL = 0;
				GCC_PREPROCESSOR_DEFINITIONS = (
					"DEBUG=1",
					"$(inherited)",
				);
				GCC_WARN_64_TO_32_BIT_CONVERSION = YES;
				GCC_WARN_ABOUT_RETURN_TYPE = YES_ERROR;
				GCC_WARN_UNDECLARED_SELECTOR = YES;
				GCC_WARN_UNINITIALIZED_AUTOS = YES_AGGRESSIVE;
				GCC_WARN_UNUSED_FUNCTION = YES;
				GCC_WARN_UNUSED_VARIABLE = YES;
				IPHONEOS_DEPLOYMENT_TARGET = 9.0;
				MACOSX_DEPLOYMENT_TARGET = 10.11;
				MTL_ENABLE_DEBUG_INFO = YES;
				ONLY_ACTIVE_ARCH = YES;
				SDKROOT = macosx;
				SWIFT_OPTIMIZATION_LEVEL = "-Onone";
				SWIFT_SWIFT3_OBJC_INFERENCE = Default;
				VERSIONING_SYSTEM = "apple-generic";
				VERSION_INFO_PREFIX = "";
			};
			name = Debug;
		};
		3F4B51411C11C5130012DB9A /* Release */ = {
			isa = XCBuildConfiguration;
			buildSettings = {
				ALWAYS_SEARCH_USER_PATHS = NO;
				CLANG_CXX_LANGUAGE_STANDARD = "gnu++0x";
				CLANG_CXX_LIBRARY = "libc++";
				CLANG_ENABLE_MODULES = YES;
				CLANG_ENABLE_OBJC_ARC = YES;
				CLANG_WARN_BLOCK_CAPTURE_AUTORELEASING = YES;
				CLANG_WARN_BOOL_CONVERSION = YES;
				CLANG_WARN_COMMA = YES;
				CLANG_WARN_CONSTANT_CONVERSION = YES;
				CLANG_WARN_DIRECT_OBJC_ISA_USAGE = YES_ERROR;
				CLANG_WARN_EMPTY_BODY = YES;
				CLANG_WARN_ENUM_CONVERSION = YES;
				CLANG_WARN_INFINITE_RECURSION = YES;
				CLANG_WARN_INT_CONVERSION = YES;
				CLANG_WARN_NON_LITERAL_NULL_CONVERSION = YES;
				CLANG_WARN_OBJC_LITERAL_CONVERSION = YES;
				CLANG_WARN_OBJC_ROOT_CLASS = YES_ERROR;
				CLANG_WARN_RANGE_LOOP_ANALYSIS = YES;
				CLANG_WARN_STRICT_PROTOTYPES = YES;
				CLANG_WARN_SUSPICIOUS_MOVE = YES;
				CLANG_WARN_UNREACHABLE_CODE = YES;
				CLANG_WARN__DUPLICATE_METHOD_MATCH = YES;
				CODE_SIGN_IDENTITY = "-";
				COPY_PHASE_STRIP = NO;
				CURRENT_PROJECT_VERSION = 1;
				DEBUG_INFORMATION_FORMAT = "dwarf-with-dsym";
				ENABLE_NS_ASSERTIONS = NO;
				ENABLE_STRICT_OBJC_MSGSEND = YES;
				GCC_C_LANGUAGE_STANDARD = gnu99;
				GCC_NO_COMMON_BLOCKS = YES;
				GCC_WARN_64_TO_32_BIT_CONVERSION = YES;
				GCC_WARN_ABOUT_RETURN_TYPE = YES_ERROR;
				GCC_WARN_UNDECLARED_SELECTOR = YES;
				GCC_WARN_UNINITIALIZED_AUTOS = YES_AGGRESSIVE;
				GCC_WARN_UNUSED_FUNCTION = YES;
				GCC_WARN_UNUSED_VARIABLE = YES;
				IPHONEOS_DEPLOYMENT_TARGET = 9.0;
				MACOSX_DEPLOYMENT_TARGET = 10.11;
				MTL_ENABLE_DEBUG_INFO = NO;
				SDKROOT = macosx;
				SWIFT_OPTIMIZATION_LEVEL = "-Owholemodule";
				SWIFT_SWIFT3_OBJC_INFERENCE = Default;
				VERSIONING_SYSTEM = "apple-generic";
				VERSION_INFO_PREFIX = "";
			};
			name = Release;
		};
		3F4B51431C11C5130012DB9A /* Debug */ = {
			isa = XCBuildConfiguration;
			buildSettings = {
				CLANG_ALLOW_NON_MODULAR_INCLUDES_IN_FRAMEWORK_MODULES = NO;
				CLANG_ENABLE_MODULES = YES;
				CODE_SIGN_IDENTITY = "";
				COMBINE_HIDPI_IMAGES = YES;
				DEFINES_MODULE = YES;
				DYLIB_COMPATIBILITY_VERSION = 1;
				DYLIB_CURRENT_VERSION = 1;
				DYLIB_INSTALL_NAME_BASE = "@rpath";
				FRAMEWORK_VERSION = A;
				INFOPLIST_FILE = SwiftMark/Info.plist;
				INSTALL_PATH = "$(LOCAL_LIBRARY_DIR)/Frameworks";
				LD_RUNPATH_SEARCH_PATHS = "$(inherited) @executable_path/../Frameworks @loader_path/Frameworks";
				MACOSX_DEPLOYMENT_TARGET = 10.10;
				PRODUCT_BUNDLE_IDENTIFIER = com.pyrolyse.SwiftMark;
				PRODUCT_NAME = SwiftMark;
				SKIP_INSTALL = YES;
				SWIFT_INCLUDE_PATHS = "${SRCROOT}/../Sources/**";
				SWIFT_OBJC_BRIDGING_HEADER = "";
				SWIFT_OPTIMIZATION_LEVEL = "-Onone";
				SWIFT_VERSION = 4.0;
				USER_HEADER_SEARCH_PATHS = "";
			};
			name = Debug;
		};
		3F4B51441C11C5130012DB9A /* Release */ = {
			isa = XCBuildConfiguration;
			buildSettings = {
				CLANG_ALLOW_NON_MODULAR_INCLUDES_IN_FRAMEWORK_MODULES = NO;
				CLANG_ENABLE_MODULES = YES;
				CODE_SIGN_IDENTITY = "";
				COMBINE_HIDPI_IMAGES = YES;
				DEFINES_MODULE = YES;
				DYLIB_COMPATIBILITY_VERSION = 1;
				DYLIB_CURRENT_VERSION = 1;
				DYLIB_INSTALL_NAME_BASE = "@rpath";
				ENABLE_TESTABILITY = NO;
				FRAMEWORK_VERSION = A;
				INFOPLIST_FILE = SwiftMark/Info.plist;
				INSTALL_PATH = "$(LOCAL_LIBRARY_DIR)/Frameworks";
				LD_RUNPATH_SEARCH_PATHS = "$(inherited) @executable_path/../Frameworks @loader_path/Frameworks";
				MACOSX_DEPLOYMENT_TARGET = 10.10;
				PRODUCT_BUNDLE_IDENTIFIER = com.pyrolyse.SwiftMark;
				PRODUCT_NAME = SwiftMark;
				SKIP_INSTALL = YES;
				SWIFT_INCLUDE_PATHS = "${SRCROOT}/../Sources/**";
				SWIFT_OBJC_BRIDGING_HEADER = "";
				SWIFT_VERSION = 4.0;
				USER_HEADER_SEARCH_PATHS = "";
			};
			name = Release;
		};
		3F4B51461C11C5130012DB9A /* Debug */ = {
			isa = XCBuildConfiguration;
			buildSettings = {
				ALWAYS_EMBED_SWIFT_STANDARD_LIBRARIES = YES;
				COMBINE_HIDPI_IMAGES = YES;
				INFOPLIST_FILE = SwiftMarkTests/Info.plist;
				LD_RUNPATH_SEARCH_PATHS = "$(inherited) @executable_path/../Frameworks @loader_path/../Frameworks";
				PRODUCT_BUNDLE_IDENTIFIER = com.pyrolyse.SwiftMarkTests;
				PRODUCT_NAME = "$(TARGET_NAME)";
				SWIFT_VERSION = 3.0;
			};
			name = Debug;
		};
		3F4B51471C11C5130012DB9A /* Release */ = {
			isa = XCBuildConfiguration;
			buildSettings = {
				ALWAYS_EMBED_SWIFT_STANDARD_LIBRARIES = YES;
				COMBINE_HIDPI_IMAGES = YES;
				INFOPLIST_FILE = SwiftMarkTests/Info.plist;
				LD_RUNPATH_SEARCH_PATHS = "$(inherited) @executable_path/../Frameworks @loader_path/../Frameworks";
				PRODUCT_BUNDLE_IDENTIFIER = com.pyrolyse.SwiftMarkTests;
				PRODUCT_NAME = "$(TARGET_NAME)";
				SWIFT_VERSION = 3.0;
			};
			name = Release;
		};
/* End XCBuildConfiguration section */

/* Begin XCConfigurationList section */
		3F0E445A1C4964F600E0405E /* Build configuration list for PBXNativeTarget "SwiftMarkIOS" */ = {
			isa = XCConfigurationList;
			buildConfigurations = (
				3F0E445B1C4964F600E0405E /* Debug */,
				3F0E445C1C4964F600E0405E /* Release */,
			);
			defaultConfigurationIsVisible = 0;
			defaultConfigurationName = Release;
		};
		3F4B51281C11C5130012DB9A /* Build configuration list for PBXProject "SwiftMark" */ = {
			isa = XCConfigurationList;
			buildConfigurations = (
				3F4B51401C11C5130012DB9A /* Debug */,
				3F4B51411C11C5130012DB9A /* Release */,
			);
			defaultConfigurationIsVisible = 0;
			defaultConfigurationName = Release;
		};
		3F4B51421C11C5130012DB9A /* Build configuration list for PBXNativeTarget "SwiftMarkOSX" */ = {
			isa = XCConfigurationList;
			buildConfigurations = (
				3F4B51431C11C5130012DB9A /* Debug */,
				3F4B51441C11C5130012DB9A /* Release */,
			);
			defaultConfigurationIsVisible = 0;
			defaultConfigurationName = Release;
		};
		3F4B51451C11C5130012DB9A /* Build configuration list for PBXNativeTarget "SwiftMarkTests" */ = {
			isa = XCConfigurationList;
			buildConfigurations = (
				3F4B51461C11C5130012DB9A /* Debug */,
				3F4B51471C11C5130012DB9A /* Release */,
			);
			defaultConfigurationIsVisible = 0;
			defaultConfigurationName = Release;
		};
/* End XCConfigurationList section */
	};
	rootObject = 3F4B51251C11C5130012DB9A /* Project object */;
}
