// !$*UTF8*$!
{
	archiveVersion = 1;
	classes = {
	};
	objectVersion = 47;
	objects = {

/* Begin PBXBuildFile section */
		3F2059A11C258BE8004B84E9 /* SwiftMarkOption.swift in Sources */ = {isa = PBXBuildFile; fileRef = 3F2059A01C258BE8004B84E9 /* SwiftMarkOption.swift */; };
		3F4B51321C11C5130012DB9A /* SwiftMark.h in Headers */ = {isa = PBXBuildFile; fileRef = 3F4B51311C11C5130012DB9A /* SwiftMark.h */; settings = {ATTRIBUTES = (Public, ); }; };
		3F4B51391C11C5130012DB9A /* SwiftMarkOSX.framework in Frameworks */ = {isa = PBXBuildFile; fileRef = 3F4B512E1C11C5130012DB9A /* SwiftMarkOSX.framework */; };
		3F4B513E1C11C5130012DB9A /* SwiftMarkTests.swift in Sources */ = {isa = PBXBuildFile; fileRef = 3F4B513D1C11C5130012DB9A /* SwiftMarkTests.swift */; };
		3F4B51B01C11D9D80012DB9A /* SwiftMark.swift in Sources */ = {isa = PBXBuildFile; fileRef = 3F4B51AF1C11D9D80012DB9A /* SwiftMark.swift */; };
		3FE4F28C1C26A62200AC2FA5 /* bench.h in Headers */ = {isa = PBXBuildFile; fileRef = 3FE4F2631C26A62200AC2FA5 /* bench.h */; };
		3FE4F28D1C26A62200AC2FA5 /* buffer.h in Headers */ = {isa = PBXBuildFile; fileRef = 3FE4F2641C26A62200AC2FA5 /* buffer.h */; };
		3FE4F28E1C26A62200AC2FA5 /* chunk.h in Headers */ = {isa = PBXBuildFile; fileRef = 3FE4F2651C26A62200AC2FA5 /* chunk.h */; };
		3FE4F28F1C26A62200AC2FA5 /* cmark_ctype.h in Headers */ = {isa = PBXBuildFile; fileRef = 3FE4F2661C26A62200AC2FA5 /* cmark_ctype.h */; };
		3FE4F2901C26A62200AC2FA5 /* cmark.h in Headers */ = {isa = PBXBuildFile; fileRef = 3FE4F2671C26A62200AC2FA5 /* cmark.h */; };
		3FE4F2911C26A62200AC2FA5 /* houdini.h in Headers */ = {isa = PBXBuildFile; fileRef = 3FE4F2681C26A62200AC2FA5 /* houdini.h */; };
		3FE4F2921C26A62200AC2FA5 /* inlines.h in Headers */ = {isa = PBXBuildFile; fileRef = 3FE4F2691C26A62200AC2FA5 /* inlines.h */; };
		3FE4F2931C26A62200AC2FA5 /* iterator.h in Headers */ = {isa = PBXBuildFile; fileRef = 3FE4F26A1C26A62200AC2FA5 /* iterator.h */; };
		3FE4F2941C26A62200AC2FA5 /* node.h in Headers */ = {isa = PBXBuildFile; fileRef = 3FE4F26B1C26A62200AC2FA5 /* node.h */; };
		3FE4F2951C26A62200AC2FA5 /* parser.h in Headers */ = {isa = PBXBuildFile; fileRef = 3FE4F26C1C26A62200AC2FA5 /* parser.h */; };
		3FE4F2961C26A62200AC2FA5 /* references.h in Headers */ = {isa = PBXBuildFile; fileRef = 3FE4F26D1C26A62200AC2FA5 /* references.h */; };
		3FE4F2971C26A62200AC2FA5 /* render.h in Headers */ = {isa = PBXBuildFile; fileRef = 3FE4F26E1C26A62200AC2FA5 /* render.h */; };
		3FE4F2981C26A62200AC2FA5 /* scanners.h in Headers */ = {isa = PBXBuildFile; fileRef = 3FE4F26F1C26A62200AC2FA5 /* scanners.h */; };
		3FE4F2991C26A62200AC2FA5 /* utf8.h in Headers */ = {isa = PBXBuildFile; fileRef = 3FE4F2701C26A62200AC2FA5 /* utf8.h */; };
		3FE4F29A1C26A62200AC2FA5 /* blocks.c in Sources */ = {isa = PBXBuildFile; fileRef = 3FE4F2711C26A62200AC2FA5 /* blocks.c */; };
		3FE4F29B1C26A62200AC2FA5 /* buffer.c in Sources */ = {isa = PBXBuildFile; fileRef = 3FE4F2721C26A62200AC2FA5 /* buffer.c */; };
		3FE4F29C1C26A62200AC2FA5 /* cmark_ctype.c in Sources */ = {isa = PBXBuildFile; fileRef = 3FE4F2731C26A62200AC2FA5 /* cmark_ctype.c */; };
		3FE4F29D1C26A62200AC2FA5 /* cmark.c in Sources */ = {isa = PBXBuildFile; fileRef = 3FE4F2741C26A62200AC2FA5 /* cmark.c */; };
		3FE4F29E1C26A62200AC2FA5 /* commonmark.c in Sources */ = {isa = PBXBuildFile; fileRef = 3FE4F2751C26A62200AC2FA5 /* commonmark.c */; };
		3FE4F29F1C26A62200AC2FA5 /* houdini_href_e.c in Sources */ = {isa = PBXBuildFile; fileRef = 3FE4F2761C26A62200AC2FA5 /* houdini_href_e.c */; };
		3FE4F2A01C26A62200AC2FA5 /* houdini_html_e.c in Sources */ = {isa = PBXBuildFile; fileRef = 3FE4F2771C26A62200AC2FA5 /* houdini_html_e.c */; };
		3FE4F2A11C26A62200AC2FA5 /* houdini_html_u.c in Sources */ = {isa = PBXBuildFile; fileRef = 3FE4F2781C26A62200AC2FA5 /* houdini_html_u.c */; };
		3FE4F2A21C26A62200AC2FA5 /* html.c in Sources */ = {isa = PBXBuildFile; fileRef = 3FE4F2791C26A62200AC2FA5 /* html.c */; };
		3FE4F2A31C26A62200AC2FA5 /* inlines.c in Sources */ = {isa = PBXBuildFile; fileRef = 3FE4F27A1C26A62200AC2FA5 /* inlines.c */; };
		3FE4F2A41C26A62200AC2FA5 /* iterator.c in Sources */ = {isa = PBXBuildFile; fileRef = 3FE4F27B1C26A62200AC2FA5 /* iterator.c */; };
		3FE4F2A51C26A62200AC2FA5 /* latex.c in Sources */ = {isa = PBXBuildFile; fileRef = 3FE4F27C1C26A62200AC2FA5 /* latex.c */; };
		3FE4F2A61C26A62200AC2FA5 /* main.c in Sources */ = {isa = PBXBuildFile; fileRef = 3FE4F27D1C26A62200AC2FA5 /* main.c */; };
		3FE4F2A71C26A62200AC2FA5 /* man.c in Sources */ = {isa = PBXBuildFile; fileRef = 3FE4F27E1C26A62200AC2FA5 /* man.c */; };
		3FE4F2A81C26A62200AC2FA5 /* node.c in Sources */ = {isa = PBXBuildFile; fileRef = 3FE4F27F1C26A62200AC2FA5 /* node.c */; };
		3FE4F2A91C26A62200AC2FA5 /* references.c in Sources */ = {isa = PBXBuildFile; fileRef = 3FE4F2801C26A62200AC2FA5 /* references.c */; };
		3FE4F2AA1C26A62200AC2FA5 /* render.c in Sources */ = {isa = PBXBuildFile; fileRef = 3FE4F2811C26A62200AC2FA5 /* render.c */; };
		3FE4F2AB1C26A62200AC2FA5 /* scanners.c in Sources */ = {isa = PBXBuildFile; fileRef = 3FE4F2821C26A62200AC2FA5 /* scanners.c */; };
		3FE4F2AC1C26A62200AC2FA5 /* utf8.c in Sources */ = {isa = PBXBuildFile; fileRef = 3FE4F2831C26A62200AC2FA5 /* utf8.c */; };
		3FE4F2AD1C26A62200AC2FA5 /* xml.c in Sources */ = {isa = PBXBuildFile; fileRef = 3FE4F2841C26A62200AC2FA5 /* xml.c */; };
		3FE4F2B81C26A64500AC2FA5 /* cmark_export.h in Headers */ = {isa = PBXBuildFile; fileRef = 3FE4F2B51C26A64500AC2FA5 /* cmark_export.h */; };
		3FE4F2B91C26A64500AC2FA5 /* cmark_version.h in Headers */ = {isa = PBXBuildFile; fileRef = 3FE4F2B61C26A64500AC2FA5 /* cmark_version.h */; };
		3FE4F2BA1C26A64500AC2FA5 /* config.h in Headers */ = {isa = PBXBuildFile; fileRef = 3FE4F2B71C26A64500AC2FA5 /* config.h */; };
/* End PBXBuildFile section */

/* Begin PBXContainerItemProxy section */
		3F4B513A1C11C5130012DB9A /* PBXContainerItemProxy */ = {
			isa = PBXContainerItemProxy;
			containerPortal = 3F4B51251C11C5130012DB9A /* Project object */;
			proxyType = 1;
			remoteGlobalIDString = 3F4B512D1C11C5130012DB9A;
			remoteInfo = SwiftMark;
		};
/* End PBXContainerItemProxy section */

/* Begin PBXFileReference section */
		3F2059A01C258BE8004B84E9 /* SwiftMarkOption.swift */ = {isa = PBXFileReference; fileEncoding = 4; lastKnownFileType = sourcecode.swift; name = SwiftMarkOption.swift; path = Enums/SwiftMarkOption.swift; sourceTree = "<group>"; };
		3F4B512E1C11C5130012DB9A /* SwiftMarkOSX.framework */ = {isa = PBXFileReference; explicitFileType = wrapper.framework; includeInIndex = 0; path = SwiftMarkOSX.framework; sourceTree = BUILT_PRODUCTS_DIR; };
		3F4B51311C11C5130012DB9A /* SwiftMark.h */ = {isa = PBXFileReference; lastKnownFileType = sourcecode.c.h; path = SwiftMark.h; sourceTree = "<group>"; };
		3F4B51331C11C5130012DB9A /* Info.plist */ = {isa = PBXFileReference; lastKnownFileType = text.plist.xml; path = Info.plist; sourceTree = "<group>"; };
		3F4B51381C11C5130012DB9A /* SwiftMarkTests.xctest */ = {isa = PBXFileReference; explicitFileType = wrapper.cfbundle; includeInIndex = 0; path = SwiftMarkTests.xctest; sourceTree = BUILT_PRODUCTS_DIR; };
		3F4B513D1C11C5130012DB9A /* SwiftMarkTests.swift */ = {isa = PBXFileReference; lastKnownFileType = sourcecode.swift; path = SwiftMarkTests.swift; sourceTree = "<group>"; };
		3F4B513F1C11C5130012DB9A /* Info.plist */ = {isa = PBXFileReference; lastKnownFileType = text.plist.xml; path = Info.plist; sourceTree = "<group>"; };
		3F4B51AF1C11D9D80012DB9A /* SwiftMark.swift */ = {isa = PBXFileReference; fileEncoding = 4; lastKnownFileType = sourcecode.swift; path = SwiftMark.swift; sourceTree = "<group>"; };
		3F4B53501C1336B70012DB9A /* module.map */ = {isa = PBXFileReference; fileEncoding = 4; lastKnownFileType = "sourcecode.module-map"; path = module.map; sourceTree = "<group>"; };
		3F8D58161C1339C700D5433B /* SwiftMarkPlayground.playground */ = {isa = PBXFileReference; lastKnownFileType = file.playground; path = SwiftMarkPlayground.playground; sourceTree = "<group>"; };
		3FE4F2631C26A62200AC2FA5 /* bench.h */ = {isa = PBXFileReference; fileEncoding = 4; lastKnownFileType = sourcecode.c.h; name = bench.h; path = Dependencies/cmark/src/bench.h; sourceTree = "<group>"; };
		3FE4F2641C26A62200AC2FA5 /* buffer.h */ = {isa = PBXFileReference; fileEncoding = 4; lastKnownFileType = sourcecode.c.h; name = buffer.h; path = Dependencies/cmark/src/buffer.h; sourceTree = "<group>"; };
		3FE4F2651C26A62200AC2FA5 /* chunk.h */ = {isa = PBXFileReference; fileEncoding = 4; lastKnownFileType = sourcecode.c.h; name = chunk.h; path = Dependencies/cmark/src/chunk.h; sourceTree = "<group>"; };
		3FE4F2661C26A62200AC2FA5 /* cmark_ctype.h */ = {isa = PBXFileReference; fileEncoding = 4; lastKnownFileType = sourcecode.c.h; name = cmark_ctype.h; path = Dependencies/cmark/src/cmark_ctype.h; sourceTree = "<group>"; };
		3FE4F2671C26A62200AC2FA5 /* cmark.h */ = {isa = PBXFileReference; fileEncoding = 4; lastKnownFileType = sourcecode.c.h; name = cmark.h; path = Dependencies/cmark/src/cmark.h; sourceTree = "<group>"; };
		3FE4F2681C26A62200AC2FA5 /* houdini.h */ = {isa = PBXFileReference; fileEncoding = 4; lastKnownFileType = sourcecode.c.h; name = houdini.h; path = Dependencies/cmark/src/houdini.h; sourceTree = "<group>"; };
		3FE4F2691C26A62200AC2FA5 /* inlines.h */ = {isa = PBXFileReference; fileEncoding = 4; lastKnownFileType = sourcecode.c.h; name = inlines.h; path = Dependencies/cmark/src/inlines.h; sourceTree = "<group>"; };
		3FE4F26A1C26A62200AC2FA5 /* iterator.h */ = {isa = PBXFileReference; fileEncoding = 4; lastKnownFileType = sourcecode.c.h; name = iterator.h; path = Dependencies/cmark/src/iterator.h; sourceTree = "<group>"; };
		3FE4F26B1C26A62200AC2FA5 /* node.h */ = {isa = PBXFileReference; fileEncoding = 4; lastKnownFileType = sourcecode.c.h; name = node.h; path = Dependencies/cmark/src/node.h; sourceTree = "<group>"; };
		3FE4F26C1C26A62200AC2FA5 /* parser.h */ = {isa = PBXFileReference; fileEncoding = 4; lastKnownFileType = sourcecode.c.h; name = parser.h; path = Dependencies/cmark/src/parser.h; sourceTree = "<group>"; };
		3FE4F26D1C26A62200AC2FA5 /* references.h */ = {isa = PBXFileReference; fileEncoding = 4; lastKnownFileType = sourcecode.c.h; name = references.h; path = Dependencies/cmark/src/references.h; sourceTree = "<group>"; };
		3FE4F26E1C26A62200AC2FA5 /* render.h */ = {isa = PBXFileReference; fileEncoding = 4; lastKnownFileType = sourcecode.c.h; name = render.h; path = Dependencies/cmark/src/render.h; sourceTree = "<group>"; };
		3FE4F26F1C26A62200AC2FA5 /* scanners.h */ = {isa = PBXFileReference; fileEncoding = 4; lastKnownFileType = sourcecode.c.h; name = scanners.h; path = Dependencies/cmark/src/scanners.h; sourceTree = "<group>"; };
		3FE4F2701C26A62200AC2FA5 /* utf8.h */ = {isa = PBXFileReference; fileEncoding = 4; lastKnownFileType = sourcecode.c.h; name = utf8.h; path = Dependencies/cmark/src/utf8.h; sourceTree = "<group>"; };
		3FE4F2711C26A62200AC2FA5 /* blocks.c */ = {isa = PBXFileReference; fileEncoding = 4; lastKnownFileType = sourcecode.c.c; name = blocks.c; path = Dependencies/cmark/src/blocks.c; sourceTree = "<group>"; };
		3FE4F2721C26A62200AC2FA5 /* buffer.c */ = {isa = PBXFileReference; fileEncoding = 4; lastKnownFileType = sourcecode.c.c; name = buffer.c; path = Dependencies/cmark/src/buffer.c; sourceTree = "<group>"; };
		3FE4F2731C26A62200AC2FA5 /* cmark_ctype.c */ = {isa = PBXFileReference; fileEncoding = 4; lastKnownFileType = sourcecode.c.c; name = cmark_ctype.c; path = Dependencies/cmark/src/cmark_ctype.c; sourceTree = "<group>"; };
		3FE4F2741C26A62200AC2FA5 /* cmark.c */ = {isa = PBXFileReference; fileEncoding = 4; lastKnownFileType = sourcecode.c.c; name = cmark.c; path = Dependencies/cmark/src/cmark.c; sourceTree = "<group>"; };
		3FE4F2751C26A62200AC2FA5 /* commonmark.c */ = {isa = PBXFileReference; fileEncoding = 4; lastKnownFileType = sourcecode.c.c; name = commonmark.c; path = Dependencies/cmark/src/commonmark.c; sourceTree = "<group>"; };
		3FE4F2761C26A62200AC2FA5 /* houdini_href_e.c */ = {isa = PBXFileReference; fileEncoding = 4; lastKnownFileType = sourcecode.c.c; name = houdini_href_e.c; path = Dependencies/cmark/src/houdini_href_e.c; sourceTree = "<group>"; };
		3FE4F2771C26A62200AC2FA5 /* houdini_html_e.c */ = {isa = PBXFileReference; fileEncoding = 4; lastKnownFileType = sourcecode.c.c; name = houdini_html_e.c; path = Dependencies/cmark/src/houdini_html_e.c; sourceTree = "<group>"; };
		3FE4F2781C26A62200AC2FA5 /* houdini_html_u.c */ = {isa = PBXFileReference; fileEncoding = 4; lastKnownFileType = sourcecode.c.c; name = houdini_html_u.c; path = Dependencies/cmark/src/houdini_html_u.c; sourceTree = "<group>"; };
		3FE4F2791C26A62200AC2FA5 /* html.c */ = {isa = PBXFileReference; fileEncoding = 4; lastKnownFileType = sourcecode.c.c; name = html.c; path = Dependencies/cmark/src/html.c; sourceTree = "<group>"; };
		3FE4F27A1C26A62200AC2FA5 /* inlines.c */ = {isa = PBXFileReference; fileEncoding = 4; lastKnownFileType = sourcecode.c.c; name = inlines.c; path = Dependencies/cmark/src/inlines.c; sourceTree = "<group>"; };
		3FE4F27B1C26A62200AC2FA5 /* iterator.c */ = {isa = PBXFileReference; fileEncoding = 4; lastKnownFileType = sourcecode.c.c; name = iterator.c; path = Dependencies/cmark/src/iterator.c; sourceTree = "<group>"; };
		3FE4F27C1C26A62200AC2FA5 /* latex.c */ = {isa = PBXFileReference; fileEncoding = 4; lastKnownFileType = sourcecode.c.c; name = latex.c; path = Dependencies/cmark/src/latex.c; sourceTree = "<group>"; };
		3FE4F27D1C26A62200AC2FA5 /* main.c */ = {isa = PBXFileReference; fileEncoding = 4; lastKnownFileType = sourcecode.c.c; name = main.c; path = Dependencies/cmark/src/main.c; sourceTree = "<group>"; };
		3FE4F27E1C26A62200AC2FA5 /* man.c */ = {isa = PBXFileReference; fileEncoding = 4; lastKnownFileType = sourcecode.c.c; name = man.c; path = Dependencies/cmark/src/man.c; sourceTree = "<group>"; };
		3FE4F27F1C26A62200AC2FA5 /* node.c */ = {isa = PBXFileReference; fileEncoding = 4; lastKnownFileType = sourcecode.c.c; name = node.c; path = Dependencies/cmark/src/node.c; sourceTree = "<group>"; };
		3FE4F2801C26A62200AC2FA5 /* references.c */ = {isa = PBXFileReference; fileEncoding = 4; lastKnownFileType = sourcecode.c.c; name = references.c; path = Dependencies/cmark/src/references.c; sourceTree = "<group>"; };
		3FE4F2811C26A62200AC2FA5 /* render.c */ = {isa = PBXFileReference; fileEncoding = 4; lastKnownFileType = sourcecode.c.c; name = render.c; path = Dependencies/cmark/src/render.c; sourceTree = "<group>"; };
		3FE4F2821C26A62200AC2FA5 /* scanners.c */ = {isa = PBXFileReference; fileEncoding = 4; lastKnownFileType = sourcecode.c.c; name = scanners.c; path = Dependencies/cmark/src/scanners.c; sourceTree = "<group>"; };
		3FE4F2831C26A62200AC2FA5 /* utf8.c */ = {isa = PBXFileReference; fileEncoding = 4; lastKnownFileType = sourcecode.c.c; name = utf8.c; path = Dependencies/cmark/src/utf8.c; sourceTree = "<group>"; };
		3FE4F2841C26A62200AC2FA5 /* xml.c */ = {isa = PBXFileReference; fileEncoding = 4; lastKnownFileType = sourcecode.c.c; name = xml.c; path = Dependencies/cmark/src/xml.c; sourceTree = "<group>"; };
		3FE4F2B51C26A64500AC2FA5 /* cmark_export.h */ = {isa = PBXFileReference; fileEncoding = 4; lastKnownFileType = sourcecode.c.h; name = cmark_export.h; path = Dependencies/cmark/build/src/cmark_export.h; sourceTree = "<group>"; };
		3FE4F2B61C26A64500AC2FA5 /* cmark_version.h */ = {isa = PBXFileReference; fileEncoding = 4; lastKnownFileType = sourcecode.c.h; name = cmark_version.h; path = Dependencies/cmark/build/src/cmark_version.h; sourceTree = "<group>"; };
		3FE4F2B71C26A64500AC2FA5 /* config.h */ = {isa = PBXFileReference; fileEncoding = 4; lastKnownFileType = sourcecode.c.h; name = config.h; path = Dependencies/cmark/build/src/config.h; sourceTree = "<group>"; };
/* End PBXFileReference section */

/* Begin PBXFrameworksBuildPhase section */
		3F4B512A1C11C5130012DB9A /* Frameworks */ = {
			isa = PBXFrameworksBuildPhase;
			buildActionMask = 2147483647;
			files = (
			);
			runOnlyForDeploymentPostprocessing = 0;
		};
		3F4B51351C11C5130012DB9A /* Frameworks */ = {
			isa = PBXFrameworksBuildPhase;
			buildActionMask = 2147483647;
			files = (
				3F4B51391C11C5130012DB9A /* SwiftMarkOSX.framework in Frameworks */,
			);
			runOnlyForDeploymentPostprocessing = 0;
		};
/* End PBXFrameworksBuildPhase section */

/* Begin PBXGroup section */
		3F2059A21C258C0C004B84E9 /* Enums */ = {
			isa = PBXGroup;
			children = (
				3F2059A01C258BE8004B84E9 /* SwiftMarkOption.swift */,
			);
			name = Enums;
			sourceTree = "<group>";
		};
		3F4B51241C11C5130012DB9A = {
			isa = PBXGroup;
			children = (
				3F4B51301C11C5130012DB9A /* SwiftMark */,
				3F4B513C1C11C5130012DB9A /* SwiftMarkTests */,
				3F4B512F1C11C5130012DB9A /* Products */,
			);
			sourceTree = "<group>";
		};
		3F4B512F1C11C5130012DB9A /* Products */ = {
			isa = PBXGroup;
			children = (
				3F4B512E1C11C5130012DB9A /* SwiftMarkOSX.framework */,
				3F4B51381C11C5130012DB9A /* SwiftMarkTests.xctest */,
			);
			name = Products;
			sourceTree = "<group>";
		};
		3F4B51301C11C5130012DB9A /* SwiftMark */ = {
			isa = PBXGroup;
			children = (
				3F4B53511C1337A50012DB9A /* Dependencies */,
				3F2059A21C258C0C004B84E9 /* Enums */,
				3F4B51311C11C5130012DB9A /* SwiftMark.h */,
				3F4B53501C1336B70012DB9A /* module.map */,
				3F4B51331C11C5130012DB9A /* Info.plist */,
				3F4B51AF1C11D9D80012DB9A /* SwiftMark.swift */,
				3F8D58161C1339C700D5433B /* SwiftMarkPlayground.playground */,
			);
			path = SwiftMark;
			sourceTree = "<group>";
		};
		3F4B513C1C11C5130012DB9A /* SwiftMarkTests */ = {
			isa = PBXGroup;
			children = (
				3F4B513D1C11C5130012DB9A /* SwiftMarkTests.swift */,
				3F4B513F1C11C5130012DB9A /* Info.plist */,
			);
			path = SwiftMarkTests;
			sourceTree = "<group>";
		};
		3F4B53511C1337A50012DB9A /* Dependencies */ = {
			isa = PBXGroup;
			children = (
				3F4B53521C1337B20012DB9A /* libcmark */,
			);
			name = Dependencies;
			sourceTree = "<group>";
		};
		3F4B53521C1337B20012DB9A /* libcmark */ = {
			isa = PBXGroup;
			children = (
				3FE4F2B51C26A64500AC2FA5 /* cmark_export.h */,
				3FE4F2B61C26A64500AC2FA5 /* cmark_version.h */,
				3FE4F2B71C26A64500AC2FA5 /* config.h */,
				3FE4F2631C26A62200AC2FA5 /* bench.h */,
				3FE4F2641C26A62200AC2FA5 /* buffer.h */,
				3FE4F2651C26A62200AC2FA5 /* chunk.h */,
				3FE4F2661C26A62200AC2FA5 /* cmark_ctype.h */,
				3FE4F2671C26A62200AC2FA5 /* cmark.h */,
				3FE4F2681C26A62200AC2FA5 /* houdini.h */,
				3FE4F2691C26A62200AC2FA5 /* inlines.h */,
				3FE4F26A1C26A62200AC2FA5 /* iterator.h */,
				3FE4F26B1C26A62200AC2FA5 /* node.h */,
				3FE4F26C1C26A62200AC2FA5 /* parser.h */,
				3FE4F26D1C26A62200AC2FA5 /* references.h */,
				3FE4F26E1C26A62200AC2FA5 /* render.h */,
				3FE4F26F1C26A62200AC2FA5 /* scanners.h */,
				3FE4F2701C26A62200AC2FA5 /* utf8.h */,
				3FE4F2711C26A62200AC2FA5 /* blocks.c */,
				3FE4F2721C26A62200AC2FA5 /* buffer.c */,
				3FE4F2731C26A62200AC2FA5 /* cmark_ctype.c */,
				3FE4F2741C26A62200AC2FA5 /* cmark.c */,
				3FE4F2751C26A62200AC2FA5 /* commonmark.c */,
				3FE4F2761C26A62200AC2FA5 /* houdini_href_e.c */,
				3FE4F2771C26A62200AC2FA5 /* houdini_html_e.c */,
				3FE4F2781C26A62200AC2FA5 /* houdini_html_u.c */,
				3FE4F2791C26A62200AC2FA5 /* html.c */,
				3FE4F27A1C26A62200AC2FA5 /* inlines.c */,
				3FE4F27B1C26A62200AC2FA5 /* iterator.c */,
				3FE4F27C1C26A62200AC2FA5 /* latex.c */,
				3FE4F27D1C26A62200AC2FA5 /* main.c */,
				3FE4F27E1C26A62200AC2FA5 /* man.c */,
				3FE4F27F1C26A62200AC2FA5 /* node.c */,
				3FE4F2801C26A62200AC2FA5 /* references.c */,
				3FE4F2811C26A62200AC2FA5 /* render.c */,
				3FE4F2821C26A62200AC2FA5 /* scanners.c */,
				3FE4F2831C26A62200AC2FA5 /* utf8.c */,
				3FE4F2841C26A62200AC2FA5 /* xml.c */,
			);
			name = libcmark;
			sourceTree = "<group>";
		};
/* End PBXGroup section */

/* Begin PBXHeadersBuildPhase section */
		3F4B512B1C11C5130012DB9A /* Headers */ = {
			isa = PBXHeadersBuildPhase;
			buildActionMask = 2147483647;
			files = (
				3FE4F2951C26A62200AC2FA5 /* parser.h in Headers */,
				3FE4F2941C26A62200AC2FA5 /* node.h in Headers */,
				3FE4F2BA1C26A64500AC2FA5 /* config.h in Headers */,
				3F4B51321C11C5130012DB9A /* SwiftMark.h in Headers */,
				3FE4F2B81C26A64500AC2FA5 /* cmark_export.h in Headers */,
				3FE4F2921C26A62200AC2FA5 /* inlines.h in Headers */,
				3FE4F2961C26A62200AC2FA5 /* references.h in Headers */,
				3FE4F28C1C26A62200AC2FA5 /* bench.h in Headers */,
				3FE4F28E1C26A62200AC2FA5 /* chunk.h in Headers */,
				3FE4F2901C26A62200AC2FA5 /* cmark.h in Headers */,
				3FE4F28D1C26A62200AC2FA5 /* buffer.h in Headers */,
				3FE4F2B91C26A64500AC2FA5 /* cmark_version.h in Headers */,
				3FE4F28F1C26A62200AC2FA5 /* cmark_ctype.h in Headers */,
				3FE4F2991C26A62200AC2FA5 /* utf8.h in Headers */,
				3FE4F2971C26A62200AC2FA5 /* render.h in Headers */,
				3FE4F2981C26A62200AC2FA5 /* scanners.h in Headers */,
				3FE4F2911C26A62200AC2FA5 /* houdini.h in Headers */,
				3FE4F2931C26A62200AC2FA5 /* iterator.h in Headers */,
			);
			runOnlyForDeploymentPostprocessing = 0;
		};
/* End PBXHeadersBuildPhase section */

/* Begin PBXNativeTarget section */
		3F4B512D1C11C5130012DB9A /* SwiftMarkOSX */ = {
			isa = PBXNativeTarget;
			buildConfigurationList = 3F4B51421C11C5130012DB9A /* Build configuration list for PBXNativeTarget "SwiftMarkOSX" */;
			buildPhases = (
				3F4B51291C11C5130012DB9A /* Sources */,
				3F4B512A1C11C5130012DB9A /* Frameworks */,
				3F4B512B1C11C5130012DB9A /* Headers */,
				3F4B512C1C11C5130012DB9A /* Resources */,
			);
			buildRules = (
			);
			dependencies = (
			);
			name = SwiftMarkOSX;
			productName = SwiftMark;
			productReference = 3F4B512E1C11C5130012DB9A /* SwiftMarkOSX.framework */;
			productType = "com.apple.product-type.framework";
		};
		3F4B51371C11C5130012DB9A /* SwiftMarkTests */ = {
			isa = PBXNativeTarget;
			buildConfigurationList = 3F4B51451C11C5130012DB9A /* Build configuration list for PBXNativeTarget "SwiftMarkTests" */;
			buildPhases = (
				3F4B51341C11C5130012DB9A /* Sources */,
				3F4B51351C11C5130012DB9A /* Frameworks */,
				3F4B51361C11C5130012DB9A /* Resources */,
			);
			buildRules = (
			);
			dependencies = (
				3F4B513B1C11C5130012DB9A /* PBXTargetDependency */,
			);
			name = SwiftMarkTests;
			productName = SwiftMarkTests;
			productReference = 3F4B51381C11C5130012DB9A /* SwiftMarkTests.xctest */;
			productType = "com.apple.product-type.bundle.unit-test";
		};
/* End PBXNativeTarget section */

/* Begin PBXProject section */
		3F4B51251C11C5130012DB9A /* Project object */ = {
			isa = PBXProject;
			attributes = {
				LastSwiftUpdateCheck = 0720;
				LastUpgradeCheck = 0710;
				ORGANIZATIONNAME = "Pierre TACCHI";
				TargetAttributes = {
					3F4B512D1C11C5130012DB9A = {
						CreatedOnToolsVersion = 7.1.1;
					};
					3F4B51371C11C5130012DB9A = {
						CreatedOnToolsVersion = 7.1.1;
					};
				};
			};
			buildConfigurationList = 3F4B51281C11C5130012DB9A /* Build configuration list for PBXProject "SwiftMark" */;
			compatibilityVersion = "Xcode 6.3";
			developmentRegion = English;
			hasScannedForEncodings = 0;
			knownRegions = (
				en,
			);
			mainGroup = 3F4B51241C11C5130012DB9A;
			productRefGroup = 3F4B512F1C11C5130012DB9A /* Products */;
			projectDirPath = "";
			projectRoot = "";
			targets = (
				3F4B512D1C11C5130012DB9A /* SwiftMarkOSX */,
				3F4B51371C11C5130012DB9A /* SwiftMarkTests */,
			);
		};
/* End PBXProject section */

/* Begin PBXResourcesBuildPhase section */
		3F4B512C1C11C5130012DB9A /* Resources */ = {
			isa = PBXResourcesBuildPhase;
			buildActionMask = 2147483647;
			files = (
			);
			runOnlyForDeploymentPostprocessing = 0;
		};
		3F4B51361C11C5130012DB9A /* Resources */ = {
			isa = PBXResourcesBuildPhase;
			buildActionMask = 2147483647;
			files = (
			);
			runOnlyForDeploymentPostprocessing = 0;
		};
/* End PBXResourcesBuildPhase section */

/* Begin PBXSourcesBuildPhase section */
		3F4B51291C11C5130012DB9A /* Sources */ = {
			isa = PBXSourcesBuildPhase;
			buildActionMask = 2147483647;
			files = (
				3FE4F29D1C26A62200AC2FA5 /* cmark.c in Sources */,
				3FE4F29F1C26A62200AC2FA5 /* houdini_href_e.c in Sources */,
				3FE4F2A71C26A62200AC2FA5 /* man.c in Sources */,
				3FE4F2A91C26A62200AC2FA5 /* references.c in Sources */,
				3FE4F29E1C26A62200AC2FA5 /* commonmark.c in Sources */,
				3FE4F29A1C26A62200AC2FA5 /* blocks.c in Sources */,
				3FE4F2AA1C26A62200AC2FA5 /* render.c in Sources */,
				3FE4F2A41C26A62200AC2FA5 /* iterator.c in Sources */,
				3FE4F2A61C26A62200AC2FA5 /* main.c in Sources */,
				3F2059A11C258BE8004B84E9 /* SwiftMarkOption.swift in Sources */,
				3FE4F2A51C26A62200AC2FA5 /* latex.c in Sources */,
				3FE4F2AD1C26A62200AC2FA5 /* xml.c in Sources */,
				3FE4F2A01C26A62200AC2FA5 /* houdini_html_e.c in Sources */,
				3FE4F2AC1C26A62200AC2FA5 /* utf8.c in Sources */,
				3FE4F2AB1C26A62200AC2FA5 /* scanners.c in Sources */,
				3F4B51B01C11D9D80012DB9A /* SwiftMark.swift in Sources */,
				3FE4F2A21C26A62200AC2FA5 /* html.c in Sources */,
				3FE4F2A81C26A62200AC2FA5 /* node.c in Sources */,
				3FE4F2A31C26A62200AC2FA5 /* inlines.c in Sources */,
				3FE4F29B1C26A62200AC2FA5 /* buffer.c in Sources */,
				3FE4F29C1C26A62200AC2FA5 /* cmark_ctype.c in Sources */,
				3FE4F2A11C26A62200AC2FA5 /* houdini_html_u.c in Sources */,
			);
			runOnlyForDeploymentPostprocessing = 0;
		};
		3F4B51341C11C5130012DB9A /* Sources */ = {
			isa = PBXSourcesBuildPhase;
			buildActionMask = 2147483647;
			files = (
				3F4B513E1C11C5130012DB9A /* SwiftMarkTests.swift in Sources */,
			);
			runOnlyForDeploymentPostprocessing = 0;
		};
/* End PBXSourcesBuildPhase section */

/* Begin PBXTargetDependency section */
		3F4B513B1C11C5130012DB9A /* PBXTargetDependency */ = {
			isa = PBXTargetDependency;
			target = 3F4B512D1C11C5130012DB9A /* SwiftMarkOSX */;
			targetProxy = 3F4B513A1C11C5130012DB9A /* PBXContainerItemProxy */;
		};
/* End PBXTargetDependency section */

/* Begin XCBuildConfiguration section */
		3F4B51401C11C5130012DB9A /* Debug */ = {
			isa = XCBuildConfiguration;
			buildSettings = {
				ALWAYS_SEARCH_USER_PATHS = NO;
				CLANG_CXX_LANGUAGE_STANDARD = "gnu++0x";
				CLANG_CXX_LIBRARY = "libc++";
				CLANG_ENABLE_MODULES = YES;
				CLANG_ENABLE_OBJC_ARC = YES;
				CLANG_WARN_BOOL_CONVERSION = YES;
				CLANG_WARN_CONSTANT_CONVERSION = YES;
				CLANG_WARN_DIRECT_OBJC_ISA_USAGE = YES_ERROR;
				CLANG_WARN_EMPTY_BODY = YES;
				CLANG_WARN_ENUM_CONVERSION = YES;
				CLANG_WARN_INT_CONVERSION = YES;
				CLANG_WARN_OBJC_ROOT_CLASS = YES_ERROR;
				CLANG_WARN_UNREACHABLE_CODE = YES;
				CLANG_WARN__DUPLICATE_METHOD_MATCH = YES;
				CODE_SIGN_IDENTITY = "-";
				COPY_PHASE_STRIP = NO;
				CURRENT_PROJECT_VERSION = 1;
				DEBUG_INFORMATION_FORMAT = dwarf;
				ENABLE_STRICT_OBJC_MSGSEND = YES;
				ENABLE_TESTABILITY = YES;
				GCC_C_LANGUAGE_STANDARD = gnu99;
				GCC_DYNAMIC_NO_PIC = NO;
				GCC_NO_COMMON_BLOCKS = YES;
				GCC_OPTIMIZATION_LEVEL = 0;
				GCC_PREPROCESSOR_DEFINITIONS = (
					"DEBUG=1",
					"$(inherited)",
				);
				GCC_WARN_64_TO_32_BIT_CONVERSION = YES;
				GCC_WARN_ABOUT_RETURN_TYPE = YES_ERROR;
				GCC_WARN_UNDECLARED_SELECTOR = YES;
				GCC_WARN_UNINITIALIZED_AUTOS = YES_AGGRESSIVE;
				GCC_WARN_UNUSED_FUNCTION = YES;
				GCC_WARN_UNUSED_VARIABLE = YES;
				MACOSX_DEPLOYMENT_TARGET = 10.11;
				MTL_ENABLE_DEBUG_INFO = YES;
				ONLY_ACTIVE_ARCH = YES;
				SDKROOT = macosx;
				SWIFT_OPTIMIZATION_LEVEL = "-Onone";
				VERSIONING_SYSTEM = "apple-generic";
				VERSION_INFO_PREFIX = "";
			};
			name = Debug;
		};
		3F4B51411C11C5130012DB9A /* Release */ = {
			isa = XCBuildConfiguration;
			buildSettings = {
				ALWAYS_SEARCH_USER_PATHS = NO;
				CLANG_CXX_LANGUAGE_STANDARD = "gnu++0x";
				CLANG_CXX_LIBRARY = "libc++";
				CLANG_ENABLE_MODULES = YES;
				CLANG_ENABLE_OBJC_ARC = YES;
				CLANG_WARN_BOOL_CONVERSION = YES;
				CLANG_WARN_CONSTANT_CONVERSION = YES;
				CLANG_WARN_DIRECT_OBJC_ISA_USAGE = YES_ERROR;
				CLANG_WARN_EMPTY_BODY = YES;
				CLANG_WARN_ENUM_CONVERSION = YES;
				CLANG_WARN_INT_CONVERSION = YES;
				CLANG_WARN_OBJC_ROOT_CLASS = YES_ERROR;
				CLANG_WARN_UNREACHABLE_CODE = YES;
				CLANG_WARN__DUPLICATE_METHOD_MATCH = YES;
				CODE_SIGN_IDENTITY = "-";
				COPY_PHASE_STRIP = NO;
				CURRENT_PROJECT_VERSION = 1;
				DEBUG_INFORMATION_FORMAT = "dwarf-with-dsym";
				ENABLE_NS_ASSERTIONS = NO;
				ENABLE_STRICT_OBJC_MSGSEND = YES;
				GCC_C_LANGUAGE_STANDARD = gnu99;
				GCC_NO_COMMON_BLOCKS = YES;
				GCC_WARN_64_TO_32_BIT_CONVERSION = YES;
				GCC_WARN_ABOUT_RETURN_TYPE = YES_ERROR;
				GCC_WARN_UNDECLARED_SELECTOR = YES;
				GCC_WARN_UNINITIALIZED_AUTOS = YES_AGGRESSIVE;
				GCC_WARN_UNUSED_FUNCTION = YES;
				GCC_WARN_UNUSED_VARIABLE = YES;
				MACOSX_DEPLOYMENT_TARGET = 10.11;
				MTL_ENABLE_DEBUG_INFO = NO;
				SDKROOT = macosx;
				VERSIONING_SYSTEM = "apple-generic";
				VERSION_INFO_PREFIX = "";
			};
			name = Release;
		};
		3F4B51431C11C5130012DB9A /* Debug */ = {
			isa = XCBuildConfiguration;
			buildSettings = {
				CLANG_ALLOW_NON_MODULAR_INCLUDES_IN_FRAMEWORK_MODULES = NO;
				CLANG_ENABLE_MODULES = YES;
				COMBINE_HIDPI_IMAGES = YES;
				DEFINES_MODULE = YES;
				DYLIB_COMPATIBILITY_VERSION = 1;
				DYLIB_CURRENT_VERSION = 1;
				DYLIB_INSTALL_NAME_BASE = "@rpath";
				FRAMEWORK_VERSION = A;
				INFOPLIST_FILE = SwiftMark/Info.plist;
				INSTALL_PATH = "$(LOCAL_LIBRARY_DIR)/Frameworks";
				LD_RUNPATH_SEARCH_PATHS = "$(inherited) @executable_path/../Frameworks @loader_path/Frameworks";
				PRODUCT_BUNDLE_IDENTIFIER = com.pyrolyse.SwiftMark;
				PRODUCT_NAME = "$(TARGET_NAME)";
				SKIP_INSTALL = YES;
				SWIFT_INCLUDE_PATHS = "${SRCROOT}/SwiftMark/**";
				SWIFT_OBJC_BRIDGING_HEADER = "";
				SWIFT_OPTIMIZATION_LEVEL = "-Onone";
				USER_HEADER_SEARCH_PATHS = "";
			};
			name = Debug;
		};
		3F4B51441C11C5130012DB9A /* Release */ = {
			isa = XCBuildConfiguration;
			buildSettings = {
				CLANG_ALLOW_NON_MODULAR_INCLUDES_IN_FRAMEWORK_MODULES = NO;
				CLANG_ENABLE_MODULES = YES;
				COMBINE_HIDPI_IMAGES = YES;
				DEFINES_MODULE = YES;
				DYLIB_COMPATIBILITY_VERSION = 1;
				DYLIB_CURRENT_VERSION = 1;
				DYLIB_INSTALL_NAME_BASE = "@rpath";
				FRAMEWORK_VERSION = A;
				INFOPLIST_FILE = SwiftMark/Info.plist;
				INSTALL_PATH = "$(LOCAL_LIBRARY_DIR)/Frameworks";
				LD_RUNPATH_SEARCH_PATHS = "$(inherited) @executable_path/../Frameworks @loader_path/Frameworks";
				PRODUCT_BUNDLE_IDENTIFIER = com.pyrolyse.SwiftMark;
				PRODUCT_NAME = "$(TARGET_NAME)";
				SKIP_INSTALL = YES;
				SWIFT_INCLUDE_PATHS = "${SRCROOT}/SwiftMark/**";
				SWIFT_OBJC_BRIDGING_HEADER = "";
				USER_HEADER_SEARCH_PATHS = "";
			};
			name = Release;
		};
		3F4B51461C11C5130012DB9A /* Debug */ = {
			isa = XCBuildConfiguration;
			buildSettings = {
				COMBINE_HIDPI_IMAGES = YES;
				INFOPLIST_FILE = SwiftMarkTests/Info.plist;
				LD_RUNPATH_SEARCH_PATHS = "$(inherited) @executable_path/../Frameworks @loader_path/../Frameworks";
				PRODUCT_BUNDLE_IDENTIFIER = com.pyrolyse.SwiftMarkTests;
				PRODUCT_NAME = "$(TARGET_NAME)";
			};
			name = Debug;
		};
		3F4B51471C11C5130012DB9A /* Release */ = {
			isa = XCBuildConfiguration;
			buildSettings = {
				COMBINE_HIDPI_IMAGES = YES;
				INFOPLIST_FILE = SwiftMarkTests/Info.plist;
				LD_RUNPATH_SEARCH_PATHS = "$(inherited) @executable_path/../Frameworks @loader_path/../Frameworks";
				PRODUCT_BUNDLE_IDENTIFIER = com.pyrolyse.SwiftMarkTests;
				PRODUCT_NAME = "$(TARGET_NAME)";
			};
			name = Release;
		};
/* End XCBuildConfiguration section */

/* Begin XCConfigurationList section */
		3F4B51281C11C5130012DB9A /* Build configuration list for PBXProject "SwiftMark" */ = {
			isa = XCConfigurationList;
			buildConfigurations = (
				3F4B51401C11C5130012DB9A /* Debug */,
				3F4B51411C11C5130012DB9A /* Release */,
			);
			defaultConfigurationIsVisible = 0;
			defaultConfigurationName = Release;
		};
		3F4B51421C11C5130012DB9A /* Build configuration list for PBXNativeTarget "SwiftMarkOSX" */ = {
			isa = XCConfigurationList;
			buildConfigurations = (
				3F4B51431C11C5130012DB9A /* Debug */,
				3F4B51441C11C5130012DB9A /* Release */,
			);
			defaultConfigurationIsVisible = 0;
			defaultConfigurationName = Release;
		};
		3F4B51451C11C5130012DB9A /* Build configuration list for PBXNativeTarget "SwiftMarkTests" */ = {
			isa = XCConfigurationList;
			buildConfigurations = (
				3F4B51461C11C5130012DB9A /* Debug */,
				3F4B51471C11C5130012DB9A /* Release */,
			);
			defaultConfigurationIsVisible = 0;
			defaultConfigurationName = Release;
		};
/* End XCConfigurationList section */
	};
	rootObject = 3F4B51251C11C5130012DB9A /* Project object */;
}
